// !$*UTF8*$!
{
	archiveVersion = 1;
	classes = {
	};
	objectVersion = 46;
	objects = {

/* Begin PBXBuildFile section */
		4500C24918E8A39D00B7B0C6 /* XCTest.framework in Frameworks */ = {isa = PBXBuildFile; fileRef = 4567DB6418B03A7A00CBBD29 /* XCTest.framework */; };
		4500C24F18E8A39D00B7B0C6 /* InfoPlist.strings in Resources */ = {isa = PBXBuildFile; fileRef = 4500C24D18E8A39D00B7B0C6 /* InfoPlist.strings */; };
		4500C25A18E8A50800B7B0C6 /* WCLPreferencesWindowControllerTests.m in Sources */ = {isa = PBXBuildFile; fileRef = 4500C25918E8A50800B7B0C6 /* WCLPreferencesWindowControllerTests.m */; };
		45087C9618F0E2E900C18554 /* WCLPluginManagerTests_old.m in Sources */ = {isa = PBXBuildFile; fileRef = 45087C9518F0E2E900C18554 /* WCLPluginManagerTests_old.m */; };
		4508DAC71A575FC900A6E71F /* Plugin+Initialization.swift in Sources */ = {isa = PBXBuildFile; fileRef = 4508DAC61A575FC900A6E71F /* Plugin+Initialization.swift */; };
		4508DACA1A57623300A6E71F /* PluginsDataController+Paths.swift in Sources */ = {isa = PBXBuildFile; fileRef = 4508DAC91A57623300A6E71F /* PluginsDataController+Paths.swift */; };
		4508DACB1A57631600A6E71F /* PluginsDataController+Paths.swift in Sources */ = {isa = PBXBuildFile; fileRef = 4508DAC91A57623300A6E71F /* PluginsDataController+Paths.swift */; };
		451A85E119D2409E00C92D47 /* PluginsManager.swift in Sources */ = {isa = PBXBuildFile; fileRef = 451A85E019D2409E00C92D47 /* PluginsManager.swift */; };
		451DAFD818D7D46E00AACC86 /* WCLTestPluginManagerTestCase.m in Sources */ = {isa = PBXBuildFile; fileRef = 451DAFD718D7D46E00AACC86 /* WCLTestPluginManagerTestCase.m */; };
		452D272719C66EE40085CDAF /* PluginsDataController.swift in Sources */ = {isa = PBXBuildFile; fileRef = 452D272319C66EE40085CDAF /* PluginsDataController.swift */; };
		452D272819C66EE40085CDAF /* Plugin.swift in Sources */ = {isa = PBXBuildFile; fileRef = 452D272419C66EE40085CDAF /* Plugin.swift */; };
		452D272B19C670E40085CDAF /* Constants.swift in Sources */ = {isa = PBXBuildFile; fileRef = 452D272A19C670E40085CDAF /* Constants.swift */; };
		452D273519C7AB190085CDAF /* PluginsDataControllerTests.swift in Sources */ = {isa = PBXBuildFile; fileRef = 452D273419C7AB190085CDAF /* PluginsDataControllerTests.swift */; };
		452D273E19C7AFCA0085CDAF /* PluginsDataController.swift in Sources */ = {isa = PBXBuildFile; fileRef = 452D272319C66EE40085CDAF /* PluginsDataController.swift */; };
		452D274019C7B0AB0085CDAF /* Constants.swift in Sources */ = {isa = PBXBuildFile; fileRef = 452D272A19C670E40085CDAF /* Constants.swift */; };
		4534131E1A635A940047C820 /* WCLPlugin.m in Sources */ = {isa = PBXBuildFile; fileRef = 4534131D1A635A940047C820 /* WCLPlugin.m */; };
		453413211A635CDC0047C820 /* WCLPluginsManager.m in Sources */ = {isa = PBXBuildFile; fileRef = 453413201A635CDC0047C820 /* WCLPluginsManager.m */; };
		453413331A6366DC0047C820 /* SubprocessFileSystemModifier.swift in Sources */ = {isa = PBXBuildFile; fileRef = 453413321A6366DC0047C820 /* SubprocessFileSystemModifier.swift */; };
		453413381A6367E90047C820 /* PluginsManagerFileSystemTests.swift in Sources */ = {isa = PBXBuildFile; fileRef = 453413371A6367E90047C820 /* PluginsManagerFileSystemTests.swift */; };
		4534133E1A6368F20047C820 /* TemporaryPluginsTestCase.swift in Sources */ = {isa = PBXBuildFile; fileRef = 4590E5381A0EAC58000C9890 /* TemporaryPluginsTestCase.swift */; };
		4534133F1A6369010047C820 /* TemporaryDirectoryTestCase.swift in Sources */ = {isa = PBXBuildFile; fileRef = 45539B0119D4E80E0017B892 /* TemporaryDirectoryTestCase.swift */; };
		453413411A6369550047C820 /* PluginsDataControllerFileSystemTests.swift in Sources */ = {isa = PBXBuildFile; fileRef = 453413401A6369550047C820 /* PluginsDataControllerFileSystemTests.swift */; };
		453413441A6369C70047C820 /* PluginsDataController.swift in Sources */ = {isa = PBXBuildFile; fileRef = 452D272319C66EE40085CDAF /* PluginsDataController.swift */; };
		453413451A6369D70047C820 /* TestConstants.swift in Sources */ = {isa = PBXBuildFile; fileRef = 45F4235D19D3896F007F5BC3 /* TestConstants.swift */; };
		4534134A1A636B3C0047C820 /* PluginsDirectoryManagerTests.swift in Sources */ = {isa = PBXBuildFile; fileRef = 453413491A636B3C0047C820 /* PluginsDirectoryManagerTests.swift */; };
		4534134C1A636B850047C820 /* PluginsPathHelperTests.swift in Sources */ = {isa = PBXBuildFile; fileRef = 4534134B1A636B850047C820 /* PluginsPathHelperTests.swift */; };
		4534134E1A636BAD0047C820 /* FilesAndPluginsDirectoryManagerTests.swift in Sources */ = {isa = PBXBuildFile; fileRef = 4534134D1A636BAD0047C820 /* FilesAndPluginsDirectoryManagerTests.swift */; };
		453413501A636BDC0047C820 /* WCLDirectoryWatcherTests.swift in Sources */ = {isa = PBXBuildFile; fileRef = 4534134F1A636BDC0047C820 /* WCLDirectoryWatcherTests.swift */; };
		454363141A6D906600B283AF /* PluginsDataControllerEventTestCase+FileSystemHelpers.swift in Sources */ = {isa = PBXBuildFile; fileRef = 454363131A6D906600B283AF /* PluginsDataControllerEventTestCase+FileSystemHelpers.swift */; };
		454363161A6D90E500B283AF /* PluginsDataControllerEventTestCase.swift in Sources */ = {isa = PBXBuildFile; fileRef = 454363151A6D90E500B283AF /* PluginsDataControllerEventTestCase.swift */; };
		454363171A6D90ED00B283AF /* PluginsDataControllerEventTestCase.swift in Sources */ = {isa = PBXBuildFile; fileRef = 454363151A6D90E500B283AF /* PluginsDataControllerEventTestCase.swift */; };
		45539B0219D4E80E0017B892 /* TemporaryDirectoryTestCase.swift in Sources */ = {isa = PBXBuildFile; fileRef = 45539B0119D4E80E0017B892 /* TemporaryDirectoryTestCase.swift */; };
		45539B0419D4F5790017B892 /* DuplicatePluginController.swift in Sources */ = {isa = PBXBuildFile; fileRef = 45539B0319D4F5790017B892 /* DuplicatePluginController.swift */; };
		45539B0519D4F5790017B892 /* DuplicatePluginController.swift in Sources */ = {isa = PBXBuildFile; fileRef = 45539B0319D4F5790017B892 /* DuplicatePluginController.swift */; };
		455CFAD31A709A9200E27FB8 /* WCLKeyValueObservingTestsHelper.m in Sources */ = {isa = PBXBuildFile; fileRef = 455CFAD21A709A9200E27FB8 /* WCLKeyValueObservingTestsHelper.m */; };
		455CFAD41A709A9200E27FB8 /* WCLKeyValueObservingTestsHelper.m in Sources */ = {isa = PBXBuildFile; fileRef = 455CFAD21A709A9200E27FB8 /* WCLKeyValueObservingTestsHelper.m */; };
		45605E8519D72A750033A8AD /* DirectoryTests.swift in Sources */ = {isa = PBXBuildFile; fileRef = 45605E8419D72A750033A8AD /* DirectoryTests.swift */; };
		45605E8719D74A1D0033A8AD /* DuplicatePluginControllerTests.swift in Sources */ = {isa = PBXBuildFile; fileRef = 45605E8619D74A1D0033A8AD /* DuplicatePluginControllerTests.swift */; };
		456229FA1A78489600E94307 /* WCLPlugin+Validation.m in Sources */ = {isa = PBXBuildFile; fileRef = 456229F91A78489600E94307 /* WCLPlugin+Validation.m */; };
		456229FC1A78490C00E94307 /* Plugin+Validation.swift in Sources */ = {isa = PBXBuildFile; fileRef = 456229FB1A78490C00E94307 /* Plugin+Validation.swift */; };
		4563D5591A104EE1000B5F4C /* Cocoa.framework in Frameworks */ = {isa = PBXBuildFile; fileRef = 4567DB4218B03A7A00CBBD29 /* Cocoa.framework */; };
		4563D55C1A143679000B5F4C /* WCLDirectoryWatcher.m in Sources */ = {isa = PBXBuildFile; fileRef = 4563D55B1A143679000B5F4C /* WCLDirectoryWatcher.m */; };
		4563D55F1A1436A6000B5F4C /* WCLFileSystemEvent.m in Sources */ = {isa = PBXBuildFile; fileRef = 4563D55E1A1436A6000B5F4C /* WCLFileSystemEvent.m */; };
		4563DE181A59BF8C00CCBE45 /* CopyDirectoryController.swift in Sources */ = {isa = PBXBuildFile; fileRef = 4563DE171A59BF8C00CCBE45 /* CopyDirectoryController.swift */; };
		4563DE1A1A59D58000CCBE45 /* CopyDirectoryControllerTests.swift in Sources */ = {isa = PBXBuildFile; fileRef = 4563DE191A59D58000CCBE45 /* CopyDirectoryControllerTests.swift */; };
		4563DE1B1A59DA6F00CCBE45 /* CopyDirectoryController.swift in Sources */ = {isa = PBXBuildFile; fileRef = 4563DE171A59BF8C00CCBE45 /* CopyDirectoryController.swift */; };
		4567DB4D18B03A7A00CBBD29 /* InfoPlist.strings in Resources */ = {isa = PBXBuildFile; fileRef = 4567DB4B18B03A7A00CBBD29 /* InfoPlist.strings */; };
		4567DB4F18B03A7A00CBBD29 /* main.m in Sources */ = {isa = PBXBuildFile; fileRef = 4567DB4E18B03A7A00CBBD29 /* main.m */; };
		4567DB5318B03A7A00CBBD29 /* Credits.rtf in Resources */ = {isa = PBXBuildFile; fileRef = 4567DB5118B03A7A00CBBD29 /* Credits.rtf */; };
		4567DB5618B03A7A00CBBD29 /* WCLAppDelegate.m in Sources */ = {isa = PBXBuildFile; fileRef = 4567DB5518B03A7A00CBBD29 /* WCLAppDelegate.m */; };
		4567DB5918B03A7A00CBBD29 /* MainMenu.xib in Resources */ = {isa = PBXBuildFile; fileRef = 4567DB5718B03A7A00CBBD29 /* MainMenu.xib */; };
		4567DB5C18B03A7A00CBBD29 /* PluginEditorPrototype.xcdatamodeld in Sources */ = {isa = PBXBuildFile; fileRef = 4567DB5A18B03A7A00CBBD29 /* PluginEditorPrototype.xcdatamodeld */; };
		4567DB5E18B03A7A00CBBD29 /* Images.xcassets in Resources */ = {isa = PBXBuildFile; fileRef = 4567DB5D18B03A7A00CBBD29 /* Images.xcassets */; };
		4567DB6518B03A7A00CBBD29 /* XCTest.framework in Frameworks */ = {isa = PBXBuildFile; fileRef = 4567DB6418B03A7A00CBBD29 /* XCTest.framework */; };
		4567DB6618B03A7A00CBBD29 /* Cocoa.framework in Frameworks */ = {isa = PBXBuildFile; fileRef = 4567DB4218B03A7A00CBBD29 /* Cocoa.framework */; };
		4567DB6E18B03A7A00CBBD29 /* InfoPlist.strings in Resources */ = {isa = PBXBuildFile; fileRef = 4567DB6C18B03A7A00CBBD29 /* InfoPlist.strings */; };
		4567DB7C18B044B700CBBD29 /* WCLPreferencesWindowController.m in Sources */ = {isa = PBXBuildFile; fileRef = 4567DB7A18B044B700CBBD29 /* WCLPreferencesWindowController.m */; };
		4567DB7D18B044B700CBBD29 /* WCLPreferencesWindowController.xib in Resources */ = {isa = PBXBuildFile; fileRef = 4567DB7B18B044B700CBBD29 /* WCLPreferencesWindowController.xib */; };
		4567DB8918B1C08800CBBD29 /* WCLPlugin_old.m in Sources */ = {isa = PBXBuildFile; fileRef = 4567DB8818B1C08800CBBD29 /* WCLPlugin_old.m */; };
		4567DB9018B26DD000CBBD29 /* WCLPluginViewController.m in Sources */ = {isa = PBXBuildFile; fileRef = 4567DB8E18B26DD000CBBD29 /* WCLPluginViewController.m */; };
		4567DB9118B26DD000CBBD29 /* WCLPluginViewController.xib in Resources */ = {isa = PBXBuildFile; fileRef = 4567DB8F18B26DD000CBBD29 /* WCLPluginViewController.xib */; };
		4567DB9518B26E5800CBBD29 /* WCLEnvironmentViewController.m in Sources */ = {isa = PBXBuildFile; fileRef = 4567DB9318B26E5800CBBD29 /* WCLEnvironmentViewController.m */; };
		4567DB9618B26E5800CBBD29 /* WCLEnvironmentViewController.xib in Resources */ = {isa = PBXBuildFile; fileRef = 4567DB9418B26E5800CBBD29 /* WCLEnvironmentViewController.xib */; };
		456C54A51A75DE0D005A680E /* WCLFileExtensionTests.swift in Sources */ = {isa = PBXBuildFile; fileRef = 456C54A41A75DE0D005A680E /* WCLFileExtensionTests.swift */; };
		456C54A71A75F3A7005A680E /* FileExtensionsTestCase.swift in Sources */ = {isa = PBXBuildFile; fileRef = 456C54A61A75F3A7005A680E /* FileExtensionsTestCase.swift */; };
		456D1A6218F38E7E00955EDC /* WCLTestPlugin.m in Sources */ = {isa = PBXBuildFile; fileRef = 456D1A6118F38E7E00955EDC /* WCLTestPlugin.m */; };
		456E9A4D1A6C772E00DC898C /* PluginsManagerTestCase.swift in Sources */ = {isa = PBXBuildFile; fileRef = 456E9A4C1A6C772E00DC898C /* PluginsManagerTestCase.swift */; };
		4576716D18E1015B00EB720C /* WCLFileExtensionTests_old.m in Sources */ = {isa = PBXBuildFile; fileRef = 4576716C18E1015B00EB720C /* WCLFileExtensionTests_old.m */; };
		457F7B6018D4F6CD0034F6D5 /* WCLTestPluginPrototype.xcdatamodeld in Sources */ = {isa = PBXBuildFile; fileRef = 457F7B5E18D4F6CD0034F6D5 /* WCLTestPluginPrototype.xcdatamodeld */; };
		457F7B6318D5286E0034F6D5 /* WCLPlugin+Validation_old.m in Sources */ = {isa = PBXBuildFile; fileRef = 457F7B6218D5286E0034F6D5 /* WCLPlugin+Validation_old.m */; };
		4589996918D7CCEF0056DCFC /* WCLPluginManagerDefaultNewPluginTests_old.m in Sources */ = {isa = PBXBuildFile; fileRef = 4589996818D7CCEF0056DCFC /* WCLPluginManagerDefaultNewPluginTests_old.m */; };
		458BDBB31A79D2A9008D59B0 /* Plugin+Validation.swift in Sources */ = {isa = PBXBuildFile; fileRef = 456229FB1A78490C00E94307 /* Plugin+Validation.swift */; };
		458BDBB41A79D2C8008D59B0 /* Plugin+Validation.swift in Sources */ = {isa = PBXBuildFile; fileRef = 456229FB1A78490C00E94307 /* Plugin+Validation.swift */; };
		458BDBB61A7B05B0008D59B0 /* WCLPlugin+PluginsManager.swift in Sources */ = {isa = PBXBuildFile; fileRef = 458BDBB51A7B05B0008D59B0 /* WCLPlugin+PluginsManager.swift */; };
		458BDBB71A7B0665008D59B0 /* WCLPlugin+PluginsManager.swift in Sources */ = {isa = PBXBuildFile; fileRef = 458BDBB51A7B05B0008D59B0 /* WCLPlugin+PluginsManager.swift */; };
		458FD69419D8A1D100D4898A /* NSError+Helper.swift in Sources */ = {isa = PBXBuildFile; fileRef = 458FD69319D8A1D100D4898A /* NSError+Helper.swift */; };
		458FD69519D8A45B00D4898A /* NSError+Helper.swift in Sources */ = {isa = PBXBuildFile; fileRef = 458FD69319D8A1D100D4898A /* NSError+Helper.swift */; };
		4590E5391A0EAC58000C9890 /* TemporaryPluginsTestCase.swift in Sources */ = {isa = PBXBuildFile; fileRef = 4590E5381A0EAC58000C9890 /* TemporaryPluginsTestCase.swift */; };
		4590E53B1A0EAF7E000C9890 /* PluginsDirectoryManager.swift in Sources */ = {isa = PBXBuildFile; fileRef = 4590E53A1A0EAF7E000C9890 /* PluginsDirectoryManager.swift */; };
		4596913E18D4A4F00096B058 /* WCLFileExtensionsControllerTests_old.m in Sources */ = {isa = PBXBuildFile; fileRef = 4596913D18D4A4F00096B058 /* WCLFileExtensionsControllerTests_old.m */; };
		4596914118D4AFF60096B058 /* WCLTestPluginManager.m in Sources */ = {isa = PBXBuildFile; fileRef = 4596914018D4AFF60096B058 /* WCLTestPluginManager.m */; };
		4599CA351A636C400015DA99 /* Constants.swift in Sources */ = {isa = PBXBuildFile; fileRef = 452D272A19C670E40085CDAF /* Constants.swift */; };
		4599CA361A636C720015DA99 /* PluginsDirectoryManager.swift in Sources */ = {isa = PBXBuildFile; fileRef = 4590E53A1A0EAF7E000C9890 /* PluginsDirectoryManager.swift */; };
		4599CA371A636C960015DA99 /* PluginsDirectoryEventHandler.swift in Sources */ = {isa = PBXBuildFile; fileRef = 45DEFEAC1A391EB700A6CF7E /* PluginsDirectoryEventHandler.swift */; };
		4599CA381A636CB30015DA99 /* DuplicatePluginController.swift in Sources */ = {isa = PBXBuildFile; fileRef = 45539B0319D4F5790017B892 /* DuplicatePluginController.swift */; };
		4599CA391A636CC20015DA99 /* CopyDirectoryController.swift in Sources */ = {isa = PBXBuildFile; fileRef = 4563DE171A59BF8C00CCBE45 /* CopyDirectoryController.swift */; };
		4599CA3A1A636CD70015DA99 /* NSError+Helper.swift in Sources */ = {isa = PBXBuildFile; fileRef = 458FD69319D8A1D100D4898A /* NSError+Helper.swift */; };
		4599CA3B1A636D010015DA99 /* XCTest+BundleResources.swift in Sources */ = {isa = PBXBuildFile; fileRef = 45D02C601A072E6100778F3A /* XCTest+BundleResources.swift */; };
		4599CA3D1A636D2E0015DA99 /* PluginsDataController+Paths.swift in Sources */ = {isa = PBXBuildFile; fileRef = 4508DAC91A57623300A6E71F /* PluginsDataController+Paths.swift */; };
		4599CA3E1A636DE40015DA99 /* HTML.wcplugin in Resources */ = {isa = PBXBuildFile; fileRef = 456D1A4818F382F400955EDC /* HTML.wcplugin */; };
		4599CA3F1A636E390015DA99 /* HTML.wcplugin in Resources */ = {isa = PBXBuildFile; fileRef = 456D1A4818F382F400955EDC /* HTML.wcplugin */; };
		45A5EEE918DA7231002657DF /* WCLFilesViewController.m in Sources */ = {isa = PBXBuildFile; fileRef = 45A5EEE718DA7231002657DF /* WCLFilesViewController.m */; };
		45A5EEEA18DA7231002657DF /* WCLFilesViewController.xib in Resources */ = {isa = PBXBuildFile; fileRef = 45A5EEE818DA7231002657DF /* WCLFilesViewController.xib */; };
		45AC08ED18DF277A002550CF /* WCLFileExtension_old.m in Sources */ = {isa = PBXBuildFile; fileRef = 45AC08EC18DF277A002550CF /* WCLFileExtension_old.m */; };
		45B0113C1A6B6912001B0F30 /* PluginsManagerDefaultNewPluginTests.swift in Sources */ = {isa = PBXBuildFile; fileRef = 45B0113B1A6B6912001B0F30 /* PluginsManagerDefaultNewPluginTests.swift */; };
		45B0113F1A6C642E001B0F30 /* Plugin+Initialization.swift in Sources */ = {isa = PBXBuildFile; fileRef = 4508DAC61A575FC900A6E71F /* Plugin+Initialization.swift */; };
		45B011401A6C642F001B0F30 /* Plugin+Initialization.swift in Sources */ = {isa = PBXBuildFile; fileRef = 4508DAC61A575FC900A6E71F /* Plugin+Initialization.swift */; };
		45B011411A6C643D001B0F30 /* Plugin.swift in Sources */ = {isa = PBXBuildFile; fileRef = 452D272419C66EE40085CDAF /* Plugin.swift */; };
		45B011421A6C643E001B0F30 /* Plugin.swift in Sources */ = {isa = PBXBuildFile; fileRef = 452D272419C66EE40085CDAF /* Plugin.swift */; };
		45B011431A6C6451001B0F30 /* PluginsManager.swift in Sources */ = {isa = PBXBuildFile; fileRef = 451A85E019D2409E00C92D47 /* PluginsManager.swift */; };
		45B011441A6C6452001B0F30 /* PluginsManager.swift in Sources */ = {isa = PBXBuildFile; fileRef = 451A85E019D2409E00C92D47 /* PluginsManager.swift */; };
		45CC5A061A675ECF00EDE1B5 /* MultiCollectionController.swift in Sources */ = {isa = PBXBuildFile; fileRef = 45CC5A051A675ECF00EDE1B5 /* MultiCollectionController.swift */; };
		45CC5A071A67699300EDE1B5 /* MultiCollectionController.swift in Sources */ = {isa = PBXBuildFile; fileRef = 45CC5A051A675ECF00EDE1B5 /* MultiCollectionController.swift */; };
		45CC5A081A67699E00EDE1B5 /* MultiCollectionController.swift in Sources */ = {isa = PBXBuildFile; fileRef = 45CC5A051A675ECF00EDE1B5 /* MultiCollectionController.swift */; };
		45CC5A0A1A677A1F00EDE1B5 /* MultiCollectionControllerTests.swift in Sources */ = {isa = PBXBuildFile; fileRef = 45CC5A091A677A1F00EDE1B5 /* MultiCollectionControllerTests.swift */; };
		45CC8E121A731FC600596670 /* WCLFileExtension.m in Sources */ = {isa = PBXBuildFile; fileRef = 45CC8E0F1A731FC600596670 /* WCLFileExtension.m */; };
		45CC8E131A731FC600596670 /* WCLFileExtensionsController.m in Sources */ = {isa = PBXBuildFile; fileRef = 45CC8E111A731FC600596670 /* WCLFileExtensionsController.m */; };
		45CC8E151A73330500596670 /* FileExtensionsControllerTests.swift in Sources */ = {isa = PBXBuildFile; fileRef = 45CC8E141A73330500596670 /* FileExtensionsControllerTests.swift */; };
		45CC8E171A742C1700596670 /* FileExtensionsController.swift in Sources */ = {isa = PBXBuildFile; fileRef = 45CC8E161A742C1700596670 /* FileExtensionsController.swift */; };
		45CC8E181A74316A00596670 /* FileExtensionsController.swift in Sources */ = {isa = PBXBuildFile; fileRef = 45CC8E161A742C1700596670 /* FileExtensionsController.swift */; };
		45CDABE21A6D722B00BB67D1 /* PluginsManagerTestCase.swift in Sources */ = {isa = PBXBuildFile; fileRef = 456E9A4C1A6C772E00DC898C /* PluginsManagerTestCase.swift */; };
		45CFF0491A5CCEE400C16F16 /* PluginsManagerTests.swift in Sources */ = {isa = PBXBuildFile; fileRef = 45CFF0481A5CCEE400C16F16 /* PluginsManagerTests.swift */; };
		45D02C611A072E6100778F3A /* PluginTests.swift in Sources */ = {isa = PBXBuildFile; fileRef = 45D02C5F1A072E6100778F3A /* PluginTests.swift */; };
		45D02C621A072E6100778F3A /* XCTest+BundleResources.swift in Sources */ = {isa = PBXBuildFile; fileRef = 45D02C601A072E6100778F3A /* XCTest+BundleResources.swift */; };
		45DEFEAD1A391EB700A6CF7E /* PluginsDirectoryEventHandler.swift in Sources */ = {isa = PBXBuildFile; fileRef = 45DEFEAC1A391EB700A6CF7E /* PluginsDirectoryEventHandler.swift */; };
		45EB9A3C1A61C81E00CDA51F /* HTML.wcplugin in CopyFiles */ = {isa = PBXBuildFile; fileRef = 456D1A4818F382F400955EDC /* HTML.wcplugin */; settings = {ATTRIBUTES = (CodeSignOnCopy, ); }; };
		45EB9A3D1A61C82200CDA51F /* IRB.wcplugin in CopyFiles */ = {isa = PBXBuildFile; fileRef = 456D1A4918F382F400955EDC /* IRB.wcplugin */; settings = {ATTRIBUTES = (CodeSignOnCopy, ); }; };
		45EB9A3E1A61C82600CDA51F /* Markdown.wcplugin in CopyFiles */ = {isa = PBXBuildFile; fileRef = 456D1A4A18F382F400955EDC /* Markdown.wcplugin */; settings = {ATTRIBUTES = (CodeSignOnCopy, ); }; };
		45EB9A3F1A61C82A00CDA51F /* Node.wcplugin in CopyFiles */ = {isa = PBXBuildFile; fileRef = 456D1A4B18F382F400955EDC /* Node.wcplugin */; settings = {ATTRIBUTES = (CodeSignOnCopy, ); }; };
		45EB9A401A61C82E00CDA51F /* Search.wcplugin in CopyFiles */ = {isa = PBXBuildFile; fileRef = 456D1A4C18F382F400955EDC /* Search.wcplugin */; settings = {ATTRIBUTES = (CodeSignOnCopy, ); }; };
		45EB9A411A61C83200CDA51F /* Shared Resources.wcplugin in CopyFiles */ = {isa = PBXBuildFile; fileRef = 456D1A4D18F382F400955EDC /* Shared Resources.wcplugin */; settings = {ATTRIBUTES = (CodeSignOnCopy, ); }; };
		45EB9A421A61C83600CDA51F /* Shared Test Resources.wcplugin in CopyFiles */ = {isa = PBXBuildFile; fileRef = 456D1A4E18F382F400955EDC /* Shared Test Resources.wcplugin */; settings = {ATTRIBUTES = (CodeSignOnCopy, ); }; };
		45EB9A431A61C83B00CDA51F /* Git.wcplugin in CopyFiles */ = {isa = PBXBuildFile; fileRef = 456D1A4618F382E900955EDC /* Git.wcplugin */; settings = {ATTRIBUTES = (CodeSignOnCopy, ); }; };
		45EB9A441A61C83F00CDA51F /* Coffee.wcplugin in CopyFiles */ = {isa = PBXBuildFile; fileRef = 456D1A4418F382E000955EDC /* Coffee.wcplugin */; settings = {ATTRIBUTES = (CodeSignOnCopy, ); }; };
		45F4235E19D3896F007F5BC3 /* TestConstants.swift in Sources */ = {isa = PBXBuildFile; fileRef = 45F4235D19D3896F007F5BC3 /* TestConstants.swift */; };
		45F892EB18CFF10D00B89515 /* WCLFileExtensionController_old.m in Sources */ = {isa = PBXBuildFile; fileRef = 45F892EA18CFF10D00B89515 /* WCLFileExtensionController_old.m */; };
		45F892EE18D12A6300B89515 /* WCLKeyToObjectController.m in Sources */ = {isa = PBXBuildFile; fileRef = 45F892ED18D12A6300B89515 /* WCLKeyToObjectController.m */; };
		45F892F118D12A8500B89515 /* WCLPluginDataController.m in Sources */ = {isa = PBXBuildFile; fileRef = 45F892F018D12A8500B89515 /* WCLPluginDataController.m */; };
		45F892F418D12AFD00B89515 /* WCLPluginManager_old.m in Sources */ = {isa = PBXBuildFile; fileRef = 45F892F318D12AFD00B89515 /* WCLPluginManager_old.m */; };
		45FDD13B1A393B4F00746003 /* PluginsDirectoryEventHandler.swift in Sources */ = {isa = PBXBuildFile; fileRef = 45DEFEAC1A391EB700A6CF7E /* PluginsDirectoryEventHandler.swift */; };
		45FF3C5C1A0F0806009486AD /* PluginsDirectoryManager.swift in Sources */ = {isa = PBXBuildFile; fileRef = 4590E53A1A0EAF7E000C9890 /* PluginsDirectoryManager.swift */; };
/* End PBXBuildFile section */

/* Begin PBXContainerItemProxy section */
		4500C25318E8A39D00B7B0C6 /* PBXContainerItemProxy */ = {
			isa = PBXContainerItemProxy;
			containerPortal = 4567DB3718B03A7A00CBBD29 /* Project object */;
			proxyType = 1;
			remoteGlobalIDString = 4567DB3E18B03A7A00CBBD29;
			remoteInfo = PluginEditorPrototype;
		};
		452D273619C7AB190085CDAF /* PBXContainerItemProxy */ = {
			isa = PBXContainerItemProxy;
			containerPortal = 4567DB3718B03A7A00CBBD29 /* Project object */;
			proxyType = 1;
			remoteGlobalIDString = 4567DB3E18B03A7A00CBBD29;
			remoteInfo = PluginEditorPrototype;
		};
		4534132D1A63657D0047C820 /* PBXContainerItemProxy */ = {
			isa = PBXContainerItemProxy;
			containerPortal = 4567DB3718B03A7A00CBBD29 /* Project object */;
			proxyType = 1;
			remoteGlobalIDString = 4567DB3E18B03A7A00CBBD29;
			remoteInfo = PluginEditorPrototype;
		};
		4567DB6718B03A7A00CBBD29 /* PBXContainerItemProxy */ = {
			isa = PBXContainerItemProxy;
			containerPortal = 4567DB3718B03A7A00CBBD29 /* Project object */;
			proxyType = 1;
			remoteGlobalIDString = 4567DB3E18B03A7A00CBBD29;
			remoteInfo = PluginEditorPrototype;
		};
/* End PBXContainerItemProxy section */

/* Begin PBXCopyFilesBuildPhase section */
		45EB9A3B1A61C81200CDA51F /* CopyFiles */ = {
			isa = PBXCopyFilesBuildPhase;
			buildActionMask = 2147483647;
			dstPath = "";
			dstSubfolderSpec = 13;
			files = (
				45EB9A441A61C83F00CDA51F /* Coffee.wcplugin in CopyFiles */,
				45EB9A431A61C83B00CDA51F /* Git.wcplugin in CopyFiles */,
				45EB9A421A61C83600CDA51F /* Shared Test Resources.wcplugin in CopyFiles */,
				45EB9A411A61C83200CDA51F /* Shared Resources.wcplugin in CopyFiles */,
				45EB9A401A61C82E00CDA51F /* Search.wcplugin in CopyFiles */,
				45EB9A3F1A61C82A00CDA51F /* Node.wcplugin in CopyFiles */,
				45EB9A3E1A61C82600CDA51F /* Markdown.wcplugin in CopyFiles */,
				45EB9A3D1A61C82200CDA51F /* IRB.wcplugin in CopyFiles */,
				45EB9A3C1A61C81E00CDA51F /* HTML.wcplugin in CopyFiles */,
			);
			runOnlyForDeploymentPostprocessing = 0;
		};
/* End PBXCopyFilesBuildPhase section */

/* Begin PBXFileReference section */
		4500C24818E8A39D00B7B0C6 /* PreferencesTests.xctest */ = {isa = PBXFileReference; explicitFileType = wrapper.cfbundle; includeInIndex = 0; path = PreferencesTests.xctest; sourceTree = BUILT_PRODUCTS_DIR; };
		4500C24C18E8A39D00B7B0C6 /* PreferencesTests-Info.plist */ = {isa = PBXFileReference; lastKnownFileType = text.plist.xml; path = "PreferencesTests-Info.plist"; sourceTree = "<group>"; };
		4500C24E18E8A39D00B7B0C6 /* en */ = {isa = PBXFileReference; lastKnownFileType = text.plist.strings; name = en; path = en.lproj/InfoPlist.strings; sourceTree = "<group>"; };
		4500C25218E8A39D00B7B0C6 /* PreferencesTests-Prefix.pch */ = {isa = PBXFileReference; lastKnownFileType = sourcecode.c.h; path = "PreferencesTests-Prefix.pch"; sourceTree = "<group>"; };
		4500C25918E8A50800B7B0C6 /* WCLPreferencesWindowControllerTests.m */ = {isa = PBXFileReference; fileEncoding = 4; lastKnownFileType = sourcecode.c.objc; path = WCLPreferencesWindowControllerTests.m; sourceTree = "<group>"; };
		45087C9518F0E2E900C18554 /* WCLPluginManagerTests_old.m */ = {isa = PBXFileReference; fileEncoding = 4; lastKnownFileType = sourcecode.c.objc; path = WCLPluginManagerTests_old.m; sourceTree = "<group>"; };
		4508DAC61A575FC900A6E71F /* Plugin+Initialization.swift */ = {isa = PBXFileReference; fileEncoding = 4; lastKnownFileType = sourcecode.swift; lineEnding = 0; path = "Plugin+Initialization.swift"; sourceTree = "<group>"; xcLanguageSpecificationIdentifier = xcode.lang.swift; };
		4508DAC91A57623300A6E71F /* PluginsDataController+Paths.swift */ = {isa = PBXFileReference; fileEncoding = 4; lastKnownFileType = sourcecode.swift; path = "PluginsDataController+Paths.swift"; sourceTree = "<group>"; };
		451A85E019D2409E00C92D47 /* PluginsManager.swift */ = {isa = PBXFileReference; fileEncoding = 4; lastKnownFileType = sourcecode.swift; path = PluginsManager.swift; sourceTree = "<group>"; };
		451DAFD618D7D46E00AACC86 /* WCLTestPluginManagerTestCase.h */ = {isa = PBXFileReference; fileEncoding = 4; lastKnownFileType = sourcecode.c.h; path = WCLTestPluginManagerTestCase.h; sourceTree = "<group>"; };
		451DAFD718D7D46E00AACC86 /* WCLTestPluginManagerTestCase.m */ = {isa = PBXFileReference; fileEncoding = 4; lastKnownFileType = sourcecode.c.objc; path = WCLTestPluginManagerTestCase.m; sourceTree = "<group>"; };
		451DAFD918D7DF9E00AACC86 /* Web_ConsoleTestsConstants.h */ = {isa = PBXFileReference; fileEncoding = 4; lastKnownFileType = sourcecode.c.h; path = Web_ConsoleTestsConstants.h; sourceTree = "<group>"; };
		452D272319C66EE40085CDAF /* PluginsDataController.swift */ = {isa = PBXFileReference; fileEncoding = 4; lastKnownFileType = sourcecode.swift; path = PluginsDataController.swift; sourceTree = "<group>"; };
		452D272419C66EE40085CDAF /* Plugin.swift */ = {isa = PBXFileReference; fileEncoding = 4; lastKnownFileType = sourcecode.swift; lineEnding = 0; path = Plugin.swift; sourceTree = "<group>"; xcLanguageSpecificationIdentifier = xcode.lang.swift; };
		452D272919C66F3E0085CDAF /* PluginEditorPrototype-Bridging-Header.h */ = {isa = PBXFileReference; lastKnownFileType = sourcecode.c.h; path = "PluginEditorPrototype-Bridging-Header.h"; sourceTree = "<group>"; };
		452D272A19C670E40085CDAF /* Constants.swift */ = {isa = PBXFileReference; fileEncoding = 4; lastKnownFileType = sourcecode.swift; path = Constants.swift; sourceTree = "<group>"; };
		452D273019C7AB190085CDAF /* PluginManagerTests.xctest */ = {isa = PBXFileReference; explicitFileType = wrapper.cfbundle; includeInIndex = 0; path = PluginManagerTests.xctest; sourceTree = BUILT_PRODUCTS_DIR; };
		452D273319C7AB190085CDAF /* Info.plist */ = {isa = PBXFileReference; lastKnownFileType = text.plist.xml; path = Info.plist; sourceTree = "<group>"; };
		452D273419C7AB190085CDAF /* PluginsDataControllerTests.swift */ = {isa = PBXFileReference; lastKnownFileType = sourcecode.swift; path = PluginsDataControllerTests.swift; sourceTree = "<group>"; };
		4534131C1A635A940047C820 /* WCLPlugin.h */ = {isa = PBXFileReference; fileEncoding = 4; lastKnownFileType = sourcecode.c.h; path = WCLPlugin.h; sourceTree = "<group>"; };
		4534131D1A635A940047C820 /* WCLPlugin.m */ = {isa = PBXFileReference; fileEncoding = 4; lastKnownFileType = sourcecode.c.objc; path = WCLPlugin.m; sourceTree = "<group>"; };
		4534131F1A635CDC0047C820 /* WCLPluginsManager.h */ = {isa = PBXFileReference; fileEncoding = 4; lastKnownFileType = sourcecode.c.h; path = WCLPluginsManager.h; sourceTree = "<group>"; };
		453413201A635CDC0047C820 /* WCLPluginsManager.m */ = {isa = PBXFileReference; fileEncoding = 4; lastKnownFileType = sourcecode.c.objc; path = WCLPluginsManager.m; sourceTree = "<group>"; };
		453413271A63657D0047C820 /* FileSystemTests.xctest */ = {isa = PBXFileReference; explicitFileType = wrapper.cfbundle; includeInIndex = 0; path = FileSystemTests.xctest; sourceTree = BUILT_PRODUCTS_DIR; };
		4534132A1A63657D0047C820 /* Info.plist */ = {isa = PBXFileReference; lastKnownFileType = text.plist.xml; path = Info.plist; sourceTree = "<group>"; };
		453413321A6366DC0047C820 /* SubprocessFileSystemModifier.swift */ = {isa = PBXFileReference; fileEncoding = 4; lastKnownFileType = sourcecode.swift; path = SubprocessFileSystemModifier.swift; sourceTree = "<group>"; };
		453413371A6367E90047C820 /* PluginsManagerFileSystemTests.swift */ = {isa = PBXFileReference; fileEncoding = 4; lastKnownFileType = sourcecode.swift; path = PluginsManagerFileSystemTests.swift; sourceTree = "<group>"; };
		453413401A6369550047C820 /* PluginsDataControllerFileSystemTests.swift */ = {isa = PBXFileReference; fileEncoding = 4; lastKnownFileType = sourcecode.swift; path = PluginsDataControllerFileSystemTests.swift; sourceTree = "<group>"; };
		453413491A636B3C0047C820 /* PluginsDirectoryManagerTests.swift */ = {isa = PBXFileReference; fileEncoding = 4; lastKnownFileType = sourcecode.swift; path = PluginsDirectoryManagerTests.swift; sourceTree = "<group>"; };
		4534134B1A636B850047C820 /* PluginsPathHelperTests.swift */ = {isa = PBXFileReference; fileEncoding = 4; lastKnownFileType = sourcecode.swift; path = PluginsPathHelperTests.swift; sourceTree = "<group>"; };
		4534134D1A636BAD0047C820 /* FilesAndPluginsDirectoryManagerTests.swift */ = {isa = PBXFileReference; fileEncoding = 4; lastKnownFileType = sourcecode.swift; path = FilesAndPluginsDirectoryManagerTests.swift; sourceTree = "<group>"; };
		4534134F1A636BDC0047C820 /* WCLDirectoryWatcherTests.swift */ = {isa = PBXFileReference; fileEncoding = 4; lastKnownFileType = sourcecode.swift; path = WCLDirectoryWatcherTests.swift; sourceTree = "<group>"; };
		454363131A6D906600B283AF /* PluginsDataControllerEventTestCase+FileSystemHelpers.swift */ = {isa = PBXFileReference; fileEncoding = 4; lastKnownFileType = sourcecode.swift; path = "PluginsDataControllerEventTestCase+FileSystemHelpers.swift"; sourceTree = "<group>"; };
		454363151A6D90E500B283AF /* PluginsDataControllerEventTestCase.swift */ = {isa = PBXFileReference; fileEncoding = 4; lastKnownFileType = sourcecode.swift; path = PluginsDataControllerEventTestCase.swift; sourceTree = "<group>"; };
		45539B0119D4E80E0017B892 /* TemporaryDirectoryTestCase.swift */ = {isa = PBXFileReference; fileEncoding = 4; lastKnownFileType = sourcecode.swift; path = TemporaryDirectoryTestCase.swift; sourceTree = "<group>"; };
		45539B0319D4F5790017B892 /* DuplicatePluginController.swift */ = {isa = PBXFileReference; fileEncoding = 4; lastKnownFileType = sourcecode.swift; path = DuplicatePluginController.swift; sourceTree = "<group>"; };
		455CFAD11A709A9200E27FB8 /* WCLKeyValueObservingTestsHelper.h */ = {isa = PBXFileReference; fileEncoding = 4; lastKnownFileType = sourcecode.c.h; path = WCLKeyValueObservingTestsHelper.h; sourceTree = "<group>"; };
		455CFAD21A709A9200E27FB8 /* WCLKeyValueObservingTestsHelper.m */ = {isa = PBXFileReference; fileEncoding = 4; lastKnownFileType = sourcecode.c.objc; path = WCLKeyValueObservingTestsHelper.m; sourceTree = "<group>"; };
		455CFAD51A709B9E00E27FB8 /* PluginManagerTests-Bridging-Header.h */ = {isa = PBXFileReference; lastKnownFileType = sourcecode.c.h; path = "PluginManagerTests-Bridging-Header.h"; sourceTree = "<group>"; };
		45605E8419D72A750033A8AD /* DirectoryTests.swift */ = {isa = PBXFileReference; fileEncoding = 4; lastKnownFileType = sourcecode.swift; path = DirectoryTests.swift; sourceTree = "<group>"; };
		45605E8619D74A1D0033A8AD /* DuplicatePluginControllerTests.swift */ = {isa = PBXFileReference; fileEncoding = 4; lastKnownFileType = sourcecode.swift; path = DuplicatePluginControllerTests.swift; sourceTree = "<group>"; };
		456229F81A78489600E94307 /* WCLPlugin+Validation.h */ = {isa = PBXFileReference; fileEncoding = 4; lastKnownFileType = sourcecode.c.h; path = "WCLPlugin+Validation.h"; sourceTree = "<group>"; };
		456229F91A78489600E94307 /* WCLPlugin+Validation.m */ = {isa = PBXFileReference; fileEncoding = 4; lastKnownFileType = sourcecode.c.objc; path = "WCLPlugin+Validation.m"; sourceTree = "<group>"; };
		456229FB1A78490C00E94307 /* Plugin+Validation.swift */ = {isa = PBXFileReference; fileEncoding = 4; lastKnownFileType = sourcecode.swift; path = "Plugin+Validation.swift"; sourceTree = "<group>"; };
		4563D55A1A143679000B5F4C /* WCLDirectoryWatcher.h */ = {isa = PBXFileReference; fileEncoding = 4; lastKnownFileType = sourcecode.c.h; lineEnding = 0; path = WCLDirectoryWatcher.h; sourceTree = "<group>"; xcLanguageSpecificationIdentifier = xcode.lang.objcpp; };
		4563D55B1A143679000B5F4C /* WCLDirectoryWatcher.m */ = {isa = PBXFileReference; fileEncoding = 4; lastKnownFileType = sourcecode.c.objc; lineEnding = 0; path = WCLDirectoryWatcher.m; sourceTree = "<group>"; xcLanguageSpecificationIdentifier = xcode.lang.objc; };
		4563D55D1A1436A6000B5F4C /* WCLFileSystemEvent.h */ = {isa = PBXFileReference; fileEncoding = 4; lastKnownFileType = sourcecode.c.h; path = WCLFileSystemEvent.h; sourceTree = "<group>"; };
		4563D55E1A1436A6000B5F4C /* WCLFileSystemEvent.m */ = {isa = PBXFileReference; fileEncoding = 4; lastKnownFileType = sourcecode.c.objc; path = WCLFileSystemEvent.m; sourceTree = "<group>"; };
		4563DE171A59BF8C00CCBE45 /* CopyDirectoryController.swift */ = {isa = PBXFileReference; fileEncoding = 4; lastKnownFileType = sourcecode.swift; path = CopyDirectoryController.swift; sourceTree = "<group>"; };
		4563DE191A59D58000CCBE45 /* CopyDirectoryControllerTests.swift */ = {isa = PBXFileReference; fileEncoding = 4; lastKnownFileType = sourcecode.swift; path = CopyDirectoryControllerTests.swift; sourceTree = "<group>"; };
		4567DB3F18B03A7A00CBBD29 /* PluginEditorPrototype.app */ = {isa = PBXFileReference; explicitFileType = wrapper.application; includeInIndex = 0; path = PluginEditorPrototype.app; sourceTree = BUILT_PRODUCTS_DIR; };
		4567DB4218B03A7A00CBBD29 /* Cocoa.framework */ = {isa = PBXFileReference; lastKnownFileType = wrapper.framework; name = Cocoa.framework; path = System/Library/Frameworks/Cocoa.framework; sourceTree = SDKROOT; };
		4567DB4518B03A7A00CBBD29 /* AppKit.framework */ = {isa = PBXFileReference; lastKnownFileType = wrapper.framework; name = AppKit.framework; path = System/Library/Frameworks/AppKit.framework; sourceTree = SDKROOT; };
		4567DB4618B03A7A00CBBD29 /* CoreData.framework */ = {isa = PBXFileReference; lastKnownFileType = wrapper.framework; name = CoreData.framework; path = System/Library/Frameworks/CoreData.framework; sourceTree = SDKROOT; };
		4567DB4718B03A7A00CBBD29 /* Foundation.framework */ = {isa = PBXFileReference; lastKnownFileType = wrapper.framework; name = Foundation.framework; path = System/Library/Frameworks/Foundation.framework; sourceTree = SDKROOT; };
		4567DB4A18B03A7A00CBBD29 /* PluginEditorPrototype-Info.plist */ = {isa = PBXFileReference; lastKnownFileType = text.plist.xml; path = "PluginEditorPrototype-Info.plist"; sourceTree = "<group>"; };
		4567DB4C18B03A7A00CBBD29 /* en */ = {isa = PBXFileReference; lastKnownFileType = text.plist.strings; name = en; path = en.lproj/InfoPlist.strings; sourceTree = "<group>"; };
		4567DB4E18B03A7A00CBBD29 /* main.m */ = {isa = PBXFileReference; lastKnownFileType = sourcecode.c.objc; path = main.m; sourceTree = "<group>"; };
		4567DB5018B03A7A00CBBD29 /* PluginEditorPrototype-Prefix.pch */ = {isa = PBXFileReference; lastKnownFileType = sourcecode.c.h; path = "PluginEditorPrototype-Prefix.pch"; sourceTree = "<group>"; };
		4567DB5218B03A7A00CBBD29 /* en */ = {isa = PBXFileReference; lastKnownFileType = text.rtf; name = en; path = en.lproj/Credits.rtf; sourceTree = "<group>"; };
		4567DB5418B03A7A00CBBD29 /* WCLAppDelegate.h */ = {isa = PBXFileReference; lastKnownFileType = sourcecode.c.h; path = WCLAppDelegate.h; sourceTree = "<group>"; };
		4567DB5518B03A7A00CBBD29 /* WCLAppDelegate.m */ = {isa = PBXFileReference; lastKnownFileType = sourcecode.c.objc; path = WCLAppDelegate.m; sourceTree = "<group>"; };
		4567DB5818B03A7A00CBBD29 /* Base */ = {isa = PBXFileReference; lastKnownFileType = file.xib; name = Base; path = Base.lproj/MainMenu.xib; sourceTree = "<group>"; };
		4567DB5B18B03A7A00CBBD29 /* PluginEditorPrototype.xcdatamodel */ = {isa = PBXFileReference; lastKnownFileType = wrapper.xcdatamodel; path = PluginEditorPrototype.xcdatamodel; sourceTree = "<group>"; };
		4567DB5D18B03A7A00CBBD29 /* Images.xcassets */ = {isa = PBXFileReference; lastKnownFileType = folder.assetcatalog; path = Images.xcassets; sourceTree = "<group>"; };
		4567DB6318B03A7A00CBBD29 /* TestPluginManagerTests.xctest */ = {isa = PBXFileReference; explicitFileType = wrapper.cfbundle; includeInIndex = 0; path = TestPluginManagerTests.xctest; sourceTree = BUILT_PRODUCTS_DIR; };
		4567DB6418B03A7A00CBBD29 /* XCTest.framework */ = {isa = PBXFileReference; lastKnownFileType = wrapper.framework; name = XCTest.framework; path = Library/Frameworks/XCTest.framework; sourceTree = DEVELOPER_DIR; };
		4567DB6B18B03A7A00CBBD29 /* TestPluginManagerTests-Info.plist */ = {isa = PBXFileReference; lastKnownFileType = text.plist.xml; path = "TestPluginManagerTests-Info.plist"; sourceTree = "<group>"; };
		4567DB6D18B03A7A00CBBD29 /* en */ = {isa = PBXFileReference; lastKnownFileType = text.plist.strings; name = en; path = en.lproj/InfoPlist.strings; sourceTree = "<group>"; };
		4567DB7918B044B700CBBD29 /* WCLPreferencesWindowController.h */ = {isa = PBXFileReference; fileEncoding = 4; lastKnownFileType = sourcecode.c.h; path = WCLPreferencesWindowController.h; sourceTree = "<group>"; };
		4567DB7A18B044B700CBBD29 /* WCLPreferencesWindowController.m */ = {isa = PBXFileReference; fileEncoding = 4; lastKnownFileType = sourcecode.c.objc; path = WCLPreferencesWindowController.m; sourceTree = "<group>"; };
		4567DB7B18B044B700CBBD29 /* WCLPreferencesWindowController.xib */ = {isa = PBXFileReference; fileEncoding = 4; lastKnownFileType = file.xib; path = WCLPreferencesWindowController.xib; sourceTree = "<group>"; };
		4567DB8718B1C08800CBBD29 /* WCLPlugin_old.h */ = {isa = PBXFileReference; fileEncoding = 4; lastKnownFileType = sourcecode.c.h; path = WCLPlugin_old.h; sourceTree = "<group>"; };
		4567DB8818B1C08800CBBD29 /* WCLPlugin_old.m */ = {isa = PBXFileReference; fileEncoding = 4; lastKnownFileType = sourcecode.c.objc; path = WCLPlugin_old.m; sourceTree = "<group>"; };
		4567DB8D18B26DD000CBBD29 /* WCLPluginViewController.h */ = {isa = PBXFileReference; fileEncoding = 4; lastKnownFileType = sourcecode.c.h; path = WCLPluginViewController.h; sourceTree = "<group>"; };
		4567DB8E18B26DD000CBBD29 /* WCLPluginViewController.m */ = {isa = PBXFileReference; fileEncoding = 4; lastKnownFileType = sourcecode.c.objc; path = WCLPluginViewController.m; sourceTree = "<group>"; };
		4567DB8F18B26DD000CBBD29 /* WCLPluginViewController.xib */ = {isa = PBXFileReference; fileEncoding = 4; lastKnownFileType = file.xib; path = WCLPluginViewController.xib; sourceTree = "<group>"; };
		4567DB9218B26E5800CBBD29 /* WCLEnvironmentViewController.h */ = {isa = PBXFileReference; fileEncoding = 4; lastKnownFileType = sourcecode.c.h; path = WCLEnvironmentViewController.h; sourceTree = "<group>"; };
		4567DB9318B26E5800CBBD29 /* WCLEnvironmentViewController.m */ = {isa = PBXFileReference; fileEncoding = 4; lastKnownFileType = sourcecode.c.objc; path = WCLEnvironmentViewController.m; sourceTree = "<group>"; };
		4567DB9418B26E5800CBBD29 /* WCLEnvironmentViewController.xib */ = {isa = PBXFileReference; fileEncoding = 4; lastKnownFileType = file.xib; path = WCLEnvironmentViewController.xib; sourceTree = "<group>"; };
		456C54A41A75DE0D005A680E /* WCLFileExtensionTests.swift */ = {isa = PBXFileReference; fileEncoding = 4; lastKnownFileType = sourcecode.swift; lineEnding = 0; path = WCLFileExtensionTests.swift; sourceTree = "<group>"; xcLanguageSpecificationIdentifier = xcode.lang.swift; };
		456C54A61A75F3A7005A680E /* FileExtensionsTestCase.swift */ = {isa = PBXFileReference; fileEncoding = 4; lastKnownFileType = sourcecode.swift; lineEnding = 0; path = FileExtensionsTestCase.swift; sourceTree = "<group>"; xcLanguageSpecificationIdentifier = xcode.lang.swift; };
		456C54A81A774183005A680E /* WCLFileExtension+Tests.h */ = {isa = PBXFileReference; lastKnownFileType = sourcecode.c.h; path = "WCLFileExtension+Tests.h"; sourceTree = "<group>"; };
		456D1A4418F382E000955EDC /* Coffee.wcplugin */ = {isa = PBXFileReference; lastKnownFileType = folder; name = Coffee.wcplugin; path = ../Plugins/Coffee.wcplugin; sourceTree = "<group>"; };
		456D1A4618F382E900955EDC /* Git.wcplugin */ = {isa = PBXFileReference; lastKnownFileType = folder; name = Git.wcplugin; path = ../Plugins/Git.wcplugin; sourceTree = "<group>"; };
		456D1A4818F382F400955EDC /* HTML.wcplugin */ = {isa = PBXFileReference; lastKnownFileType = folder; name = HTML.wcplugin; path = ../Plugins/HTML.wcplugin; sourceTree = "<group>"; };
		456D1A4918F382F400955EDC /* IRB.wcplugin */ = {isa = PBXFileReference; lastKnownFileType = folder; name = IRB.wcplugin; path = ../Plugins/IRB.wcplugin; sourceTree = "<group>"; };
		456D1A4A18F382F400955EDC /* Markdown.wcplugin */ = {isa = PBXFileReference; lastKnownFileType = folder; name = Markdown.wcplugin; path = ../Plugins/Markdown.wcplugin; sourceTree = "<group>"; };
		456D1A4B18F382F400955EDC /* Node.wcplugin */ = {isa = PBXFileReference; lastKnownFileType = folder; name = Node.wcplugin; path = ../Plugins/Node.wcplugin; sourceTree = "<group>"; };
		456D1A4C18F382F400955EDC /* Search.wcplugin */ = {isa = PBXFileReference; lastKnownFileType = folder; name = Search.wcplugin; path = ../Plugins/Search.wcplugin; sourceTree = "<group>"; };
		456D1A4D18F382F400955EDC /* Shared Resources.wcplugin */ = {isa = PBXFileReference; lastKnownFileType = folder; name = "Shared Resources.wcplugin"; path = "../Plugins/Shared Resources.wcplugin"; sourceTree = "<group>"; };
		456D1A4E18F382F400955EDC /* Shared Test Resources.wcplugin */ = {isa = PBXFileReference; lastKnownFileType = folder; name = "Shared Test Resources.wcplugin"; path = "../Plugins/Shared Test Resources.wcplugin"; sourceTree = "<group>"; };
		456D1A6018F38E7E00955EDC /* WCLTestPlugin.h */ = {isa = PBXFileReference; fileEncoding = 4; lastKnownFileType = sourcecode.c.h; path = WCLTestPlugin.h; sourceTree = "<group>"; };
		456D1A6118F38E7E00955EDC /* WCLTestPlugin.m */ = {isa = PBXFileReference; fileEncoding = 4; lastKnownFileType = sourcecode.c.objc; path = WCLTestPlugin.m; sourceTree = "<group>"; };
		456E9A4C1A6C772E00DC898C /* PluginsManagerTestCase.swift */ = {isa = PBXFileReference; fileEncoding = 4; lastKnownFileType = sourcecode.swift; path = PluginsManagerTestCase.swift; sourceTree = "<group>"; };
		456FAD7018CD03CF001B9067 /* WCLWebConsoleConstants.h */ = {isa = PBXFileReference; fileEncoding = 4; lastKnownFileType = sourcecode.c.h; path = WCLWebConsoleConstants.h; sourceTree = "<group>"; };
		4576716C18E1015B00EB720C /* WCLFileExtensionTests_old.m */ = {isa = PBXFileReference; fileEncoding = 4; lastKnownFileType = sourcecode.c.objc; path = WCLFileExtensionTests_old.m; sourceTree = "<group>"; };
		457F7B5F18D4F6CD0034F6D5 /* WCLTestPluginPrototype.xcdatamodel */ = {isa = PBXFileReference; lastKnownFileType = wrapper.xcdatamodel; path = WCLTestPluginPrototype.xcdatamodel; sourceTree = "<group>"; };
		457F7B6118D5286E0034F6D5 /* WCLPlugin+Validation_old.h */ = {isa = PBXFileReference; fileEncoding = 4; lastKnownFileType = sourcecode.c.h; path = "WCLPlugin+Validation_old.h"; sourceTree = "<group>"; };
		457F7B6218D5286E0034F6D5 /* WCLPlugin+Validation_old.m */ = {isa = PBXFileReference; fileEncoding = 4; lastKnownFileType = sourcecode.c.objc; path = "WCLPlugin+Validation_old.m"; sourceTree = "<group>"; };
		4589996818D7CCEF0056DCFC /* WCLPluginManagerDefaultNewPluginTests_old.m */ = {isa = PBXFileReference; fileEncoding = 4; lastKnownFileType = sourcecode.c.objc; path = WCLPluginManagerDefaultNewPluginTests_old.m; sourceTree = "<group>"; };
		458BDBB51A7B05B0008D59B0 /* WCLPlugin+PluginsManager.swift */ = {isa = PBXFileReference; fileEncoding = 4; lastKnownFileType = sourcecode.swift; path = "WCLPlugin+PluginsManager.swift"; sourceTree = "<group>"; };
		458FD69319D8A1D100D4898A /* NSError+Helper.swift */ = {isa = PBXFileReference; fileEncoding = 4; lastKnownFileType = sourcecode.swift; path = "NSError+Helper.swift"; sourceTree = "<group>"; };
		4590E5381A0EAC58000C9890 /* TemporaryPluginsTestCase.swift */ = {isa = PBXFileReference; fileEncoding = 4; lastKnownFileType = sourcecode.swift; path = TemporaryPluginsTestCase.swift; sourceTree = "<group>"; };
		4590E53A1A0EAF7E000C9890 /* PluginsDirectoryManager.swift */ = {isa = PBXFileReference; fileEncoding = 4; lastKnownFileType = sourcecode.swift; lineEnding = 0; path = PluginsDirectoryManager.swift; sourceTree = "<group>"; xcLanguageSpecificationIdentifier = xcode.lang.swift; };
		4596913D18D4A4F00096B058 /* WCLFileExtensionsControllerTests_old.m */ = {isa = PBXFileReference; fileEncoding = 4; lastKnownFileType = sourcecode.c.objc; path = WCLFileExtensionsControllerTests_old.m; sourceTree = "<group>"; };
		4596913F18D4AFF60096B058 /* WCLTestPluginManager.h */ = {isa = PBXFileReference; fileEncoding = 4; lastKnownFileType = sourcecode.c.h; path = WCLTestPluginManager.h; sourceTree = "<group>"; };
		4596914018D4AFF60096B058 /* WCLTestPluginManager.m */ = {isa = PBXFileReference; fileEncoding = 4; lastKnownFileType = sourcecode.c.objc; path = WCLTestPluginManager.m; sourceTree = "<group>"; };
		45A5EEE618DA7231002657DF /* WCLFilesViewController.h */ = {isa = PBXFileReference; fileEncoding = 4; lastKnownFileType = sourcecode.c.h; path = WCLFilesViewController.h; sourceTree = "<group>"; };
		45A5EEE718DA7231002657DF /* WCLFilesViewController.m */ = {isa = PBXFileReference; fileEncoding = 4; lastKnownFileType = sourcecode.c.objc; path = WCLFilesViewController.m; sourceTree = "<group>"; };
		45A5EEE818DA7231002657DF /* WCLFilesViewController.xib */ = {isa = PBXFileReference; fileEncoding = 4; lastKnownFileType = file.xib; path = WCLFilesViewController.xib; sourceTree = "<group>"; };
		45AC08EB18DF277A002550CF /* WCLFileExtension_old.h */ = {isa = PBXFileReference; fileEncoding = 4; lastKnownFileType = sourcecode.c.h; path = WCLFileExtension_old.h; sourceTree = "<group>"; };
		45AC08EC18DF277A002550CF /* WCLFileExtension_old.m */ = {isa = PBXFileReference; fileEncoding = 4; lastKnownFileType = sourcecode.c.objc; path = WCLFileExtension_old.m; sourceTree = "<group>"; };
		45B0113B1A6B6912001B0F30 /* PluginsManagerDefaultNewPluginTests.swift */ = {isa = PBXFileReference; fileEncoding = 4; lastKnownFileType = sourcecode.swift; path = PluginsManagerDefaultNewPluginTests.swift; sourceTree = "<group>"; };
		45CC5A051A675ECF00EDE1B5 /* MultiCollectionController.swift */ = {isa = PBXFileReference; fileEncoding = 4; lastKnownFileType = sourcecode.swift; path = MultiCollectionController.swift; sourceTree = "<group>"; };
		45CC5A091A677A1F00EDE1B5 /* MultiCollectionControllerTests.swift */ = {isa = PBXFileReference; fileEncoding = 4; lastKnownFileType = sourcecode.swift; path = MultiCollectionControllerTests.swift; sourceTree = "<group>"; };
		45CC8E0E1A731FC600596670 /* WCLFileExtension.h */ = {isa = PBXFileReference; fileEncoding = 4; lastKnownFileType = sourcecode.c.h; path = WCLFileExtension.h; sourceTree = "<group>"; };
		45CC8E0F1A731FC600596670 /* WCLFileExtension.m */ = {isa = PBXFileReference; fileEncoding = 4; lastKnownFileType = sourcecode.c.objc; path = WCLFileExtension.m; sourceTree = "<group>"; };
		45CC8E101A731FC600596670 /* WCLFileExtensionsController.h */ = {isa = PBXFileReference; fileEncoding = 4; lastKnownFileType = sourcecode.c.h; path = WCLFileExtensionsController.h; sourceTree = "<group>"; };
		45CC8E111A731FC600596670 /* WCLFileExtensionsController.m */ = {isa = PBXFileReference; fileEncoding = 4; lastKnownFileType = sourcecode.c.objc; lineEnding = 0; path = WCLFileExtensionsController.m; sourceTree = "<group>"; xcLanguageSpecificationIdentifier = xcode.lang.objc; };
		45CC8E141A73330500596670 /* FileExtensionsControllerTests.swift */ = {isa = PBXFileReference; fileEncoding = 4; lastKnownFileType = sourcecode.swift; lineEnding = 0; path = FileExtensionsControllerTests.swift; sourceTree = "<group>"; xcLanguageSpecificationIdentifier = xcode.lang.swift; };
		45CC8E161A742C1700596670 /* FileExtensionsController.swift */ = {isa = PBXFileReference; fileEncoding = 4; lastKnownFileType = sourcecode.swift; path = FileExtensionsController.swift; sourceTree = "<group>"; };
		45CFF0481A5CCEE400C16F16 /* PluginsManagerTests.swift */ = {isa = PBXFileReference; fileEncoding = 4; lastKnownFileType = sourcecode.swift; path = PluginsManagerTests.swift; sourceTree = "<group>"; };
		45D02C5F1A072E6100778F3A /* PluginTests.swift */ = {isa = PBXFileReference; fileEncoding = 4; lastKnownFileType = sourcecode.swift; lineEnding = 0; path = PluginTests.swift; sourceTree = "<group>"; xcLanguageSpecificationIdentifier = xcode.lang.swift; };
		45D02C601A072E6100778F3A /* XCTest+BundleResources.swift */ = {isa = PBXFileReference; fileEncoding = 4; lastKnownFileType = sourcecode.swift; path = "XCTest+BundleResources.swift"; sourceTree = "<group>"; };
		45DEFEAC1A391EB700A6CF7E /* PluginsDirectoryEventHandler.swift */ = {isa = PBXFileReference; fileEncoding = 4; lastKnownFileType = sourcecode.swift; lineEnding = 0; path = PluginsDirectoryEventHandler.swift; sourceTree = "<group>"; xcLanguageSpecificationIdentifier = xcode.lang.swift; };
		45F4235D19D3896F007F5BC3 /* TestConstants.swift */ = {isa = PBXFileReference; fileEncoding = 4; lastKnownFileType = sourcecode.swift; lineEnding = 0; path = TestConstants.swift; sourceTree = "<group>"; xcLanguageSpecificationIdentifier = xcode.lang.swift; };
		45F892E918CFF10D00B89515 /* WCLFileExtensionController_old.h */ = {isa = PBXFileReference; fileEncoding = 4; lastKnownFileType = sourcecode.c.h; path = WCLFileExtensionController_old.h; sourceTree = "<group>"; };
		45F892EA18CFF10D00B89515 /* WCLFileExtensionController_old.m */ = {isa = PBXFileReference; fileEncoding = 4; lastKnownFileType = sourcecode.c.objc; path = WCLFileExtensionController_old.m; sourceTree = "<group>"; };
		45F892EC18D12A6300B89515 /* WCLKeyToObjectController.h */ = {isa = PBXFileReference; fileEncoding = 4; lastKnownFileType = sourcecode.c.h; path = WCLKeyToObjectController.h; sourceTree = "<group>"; };
		45F892ED18D12A6300B89515 /* WCLKeyToObjectController.m */ = {isa = PBXFileReference; fileEncoding = 4; lastKnownFileType = sourcecode.c.objc; path = WCLKeyToObjectController.m; sourceTree = "<group>"; };
		45F892EF18D12A8500B89515 /* WCLPluginDataController.h */ = {isa = PBXFileReference; fileEncoding = 4; lastKnownFileType = sourcecode.c.h; path = WCLPluginDataController.h; sourceTree = "<group>"; };
		45F892F018D12A8500B89515 /* WCLPluginDataController.m */ = {isa = PBXFileReference; fileEncoding = 4; lastKnownFileType = sourcecode.c.objc; path = WCLPluginDataController.m; sourceTree = "<group>"; };
		45F892F218D12AFD00B89515 /* WCLPluginManager_old.h */ = {isa = PBXFileReference; fileEncoding = 4; lastKnownFileType = sourcecode.c.h; path = WCLPluginManager_old.h; sourceTree = "<group>"; };
		45F892F318D12AFD00B89515 /* WCLPluginManager_old.m */ = {isa = PBXFileReference; fileEncoding = 4; lastKnownFileType = sourcecode.c.objc; path = WCLPluginManager_old.m; sourceTree = "<group>"; };
/* End PBXFileReference section */

/* Begin PBXFrameworksBuildPhase section */
		4500C24518E8A39D00B7B0C6 /* Frameworks */ = {
			isa = PBXFrameworksBuildPhase;
			buildActionMask = 2147483647;
			files = (
				4500C24918E8A39D00B7B0C6 /* XCTest.framework in Frameworks */,
			);
			runOnlyForDeploymentPostprocessing = 0;
		};
		452D272D19C7AB190085CDAF /* Frameworks */ = {
			isa = PBXFrameworksBuildPhase;
			buildActionMask = 2147483647;
			files = (
			);
			runOnlyForDeploymentPostprocessing = 0;
		};
		453413241A63657D0047C820 /* Frameworks */ = {
			isa = PBXFrameworksBuildPhase;
			buildActionMask = 2147483647;
			files = (
			);
			runOnlyForDeploymentPostprocessing = 0;
		};
		4567DB3C18B03A7A00CBBD29 /* Frameworks */ = {
			isa = PBXFrameworksBuildPhase;
			buildActionMask = 2147483647;
			files = (
				4563D5591A104EE1000B5F4C /* Cocoa.framework in Frameworks */,
			);
			runOnlyForDeploymentPostprocessing = 0;
		};
		4567DB6018B03A7A00CBBD29 /* Frameworks */ = {
			isa = PBXFrameworksBuildPhase;
			buildActionMask = 2147483647;
			files = (
				4567DB6618B03A7A00CBBD29 /* Cocoa.framework in Frameworks */,
				4567DB6518B03A7A00CBBD29 /* XCTest.framework in Frameworks */,
			);
			runOnlyForDeploymentPostprocessing = 0;
		};
/* End PBXFrameworksBuildPhase section */

/* Begin PBXGroup section */
		4500C24A18E8A39D00B7B0C6 /* PreferencesTests */ = {
			isa = PBXGroup;
			children = (
				4500C25918E8A50800B7B0C6 /* WCLPreferencesWindowControllerTests.m */,
				4500C24B18E8A39D00B7B0C6 /* Supporting Files */,
			);
			path = PreferencesTests;
			sourceTree = "<group>";
		};
		4500C24B18E8A39D00B7B0C6 /* Supporting Files */ = {
			isa = PBXGroup;
			children = (
				4500C24C18E8A39D00B7B0C6 /* PreferencesTests-Info.plist */,
				4500C24D18E8A39D00B7B0C6 /* InfoPlist.strings */,
				4500C25218E8A39D00B7B0C6 /* PreferencesTests-Prefix.pch */,
			);
			name = "Supporting Files";
			sourceTree = "<group>";
		};
		452D273119C7AB190085CDAF /* PluginManagerTests */ = {
			isa = PBXGroup;
			children = (
				456C54A41A75DE0D005A680E /* WCLFileExtensionTests.swift */,
				456C54A81A774183005A680E /* WCLFileExtension+Tests.h */,
				45CC8E141A73330500596670 /* FileExtensionsControllerTests.swift */,
				456C54A61A75F3A7005A680E /* FileExtensionsTestCase.swift */,
				45CFF0481A5CCEE400C16F16 /* PluginsManagerTests.swift */,
				45B0113B1A6B6912001B0F30 /* PluginsManagerDefaultNewPluginTests.swift */,
				45CC5A091A677A1F00EDE1B5 /* MultiCollectionControllerTests.swift */,
				452D273419C7AB190085CDAF /* PluginsDataControllerTests.swift */,
				45605E8619D74A1D0033A8AD /* DuplicatePluginControllerTests.swift */,
				45D02C5F1A072E6100778F3A /* PluginTests.swift */,
				4563DE191A59D58000CCBE45 /* CopyDirectoryControllerTests.swift */,
				45605E8419D72A750033A8AD /* DirectoryTests.swift */,
				455CFAD51A709B9E00E27FB8 /* PluginManagerTests-Bridging-Header.h */,
				453413361A6367640047C820 /* Shared */,
				452D273219C7AB190085CDAF /* Supporting Files */,
			);
			path = PluginManagerTests;
			sourceTree = "<group>";
		};
		452D273219C7AB190085CDAF /* Supporting Files */ = {
			isa = PBXGroup;
			children = (
				452D273319C7AB190085CDAF /* Info.plist */,
			);
			name = "Supporting Files";
			sourceTree = "<group>";
		};
		453413281A63657D0047C820 /* FileSystemTests */ = {
			isa = PBXGroup;
			children = (
				453413371A6367E90047C820 /* PluginsManagerFileSystemTests.swift */,
				453413401A6369550047C820 /* PluginsDataControllerFileSystemTests.swift */,
				4534134D1A636BAD0047C820 /* FilesAndPluginsDirectoryManagerTests.swift */,
				453413491A636B3C0047C820 /* PluginsDirectoryManagerTests.swift */,
				4534134F1A636BDC0047C820 /* WCLDirectoryWatcherTests.swift */,
				4534134B1A636B850047C820 /* PluginsPathHelperTests.swift */,
				453413391A6367F70047C820 /* Helpers */,
				453413291A63657D0047C820 /* Supporting Files */,
			);
			path = FileSystemTests;
			sourceTree = "<group>";
		};
		453413291A63657D0047C820 /* Supporting Files */ = {
			isa = PBXGroup;
			children = (
				4534132A1A63657D0047C820 /* Info.plist */,
			);
			name = "Supporting Files";
			sourceTree = "<group>";
		};
		453413361A6367640047C820 /* Shared */ = {
			isa = PBXGroup;
			children = (
				455CFAD11A709A9200E27FB8 /* WCLKeyValueObservingTestsHelper.h */,
				455CFAD21A709A9200E27FB8 /* WCLKeyValueObservingTestsHelper.m */,
				454363151A6D90E500B283AF /* PluginsDataControllerEventTestCase.swift */,
				456E9A4C1A6C772E00DC898C /* PluginsManagerTestCase.swift */,
				4590E5381A0EAC58000C9890 /* TemporaryPluginsTestCase.swift */,
				45539B0119D4E80E0017B892 /* TemporaryDirectoryTestCase.swift */,
				45F4235D19D3896F007F5BC3 /* TestConstants.swift */,
				45D02C601A072E6100778F3A /* XCTest+BundleResources.swift */,
			);
			name = Shared;
			sourceTree = "<group>";
		};
		453413391A6367F70047C820 /* Helpers */ = {
			isa = PBXGroup;
			children = (
				454363131A6D906600B283AF /* PluginsDataControllerEventTestCase+FileSystemHelpers.swift */,
				453413321A6366DC0047C820 /* SubprocessFileSystemModifier.swift */,
			);
			name = Helpers;
			sourceTree = "<group>";
		};
		4567DB3618B03A7A00CBBD29 = {
			isa = PBXGroup;
			children = (
				456D1A4318F3813300955EDC /* Plugins */,
				4567DB4818B03A7A00CBBD29 /* PluginEditorPrototype */,
				4567DB6918B03A7A00CBBD29 /* TestPluginManagerTests */,
				4500C24A18E8A39D00B7B0C6 /* PreferencesTests */,
				452D273119C7AB190085CDAF /* PluginManagerTests */,
				453413281A63657D0047C820 /* FileSystemTests */,
				4567DB4118B03A7A00CBBD29 /* Frameworks */,
				4567DB4018B03A7A00CBBD29 /* Products */,
			);
			sourceTree = "<group>";
		};
		4567DB4018B03A7A00CBBD29 /* Products */ = {
			isa = PBXGroup;
			children = (
				4567DB3F18B03A7A00CBBD29 /* PluginEditorPrototype.app */,
				4567DB6318B03A7A00CBBD29 /* TestPluginManagerTests.xctest */,
				4500C24818E8A39D00B7B0C6 /* PreferencesTests.xctest */,
				452D273019C7AB190085CDAF /* PluginManagerTests.xctest */,
				453413271A63657D0047C820 /* FileSystemTests.xctest */,
			);
			name = Products;
			sourceTree = "<group>";
		};
		4567DB4118B03A7A00CBBD29 /* Frameworks */ = {
			isa = PBXGroup;
			children = (
				4567DB4218B03A7A00CBBD29 /* Cocoa.framework */,
				4567DB6418B03A7A00CBBD29 /* XCTest.framework */,
				4567DB4418B03A7A00CBBD29 /* Other Frameworks */,
			);
			name = Frameworks;
			sourceTree = "<group>";
		};
		4567DB4418B03A7A00CBBD29 /* Other Frameworks */ = {
			isa = PBXGroup;
			children = (
				4567DB4518B03A7A00CBBD29 /* AppKit.framework */,
				4567DB4618B03A7A00CBBD29 /* CoreData.framework */,
				4567DB4718B03A7A00CBBD29 /* Foundation.framework */,
			);
			name = "Other Frameworks";
			sourceTree = "<group>";
		};
		4567DB4818B03A7A00CBBD29 /* PluginEditorPrototype */ = {
			isa = PBXGroup;
			children = (
				452D272A19C670E40085CDAF /* Constants.swift */,
				452D272919C66F3E0085CDAF /* PluginEditorPrototype-Bridging-Header.h */,
				456FAD7018CD03CF001B9067 /* WCLWebConsoleConstants.h */,
				4567DB5418B03A7A00CBBD29 /* WCLAppDelegate.h */,
				4567DB5518B03A7A00CBBD29 /* WCLAppDelegate.m */,
				4567DB5718B03A7A00CBBD29 /* MainMenu.xib */,
				4567DB5D18B03A7A00CBBD29 /* Images.xcassets */,
				4567DB5A18B03A7A00CBBD29 /* PluginEditorPrototype.xcdatamodeld */,
				4508DAC61A575FC900A6E71F /* Plugin+Initialization.swift */,
				458FD69319D8A1D100D4898A /* NSError+Helper.swift */,
				4567DB8718B1C08800CBBD29 /* WCLPlugin_old.h */,
				4567DB8818B1C08800CBBD29 /* WCLPlugin_old.m */,
				457F7B6118D5286E0034F6D5 /* WCLPlugin+Validation_old.h */,
				457F7B6218D5286E0034F6D5 /* WCLPlugin+Validation_old.m */,
				452D272419C66EE40085CDAF /* Plugin.swift */,
				456229FB1A78490C00E94307 /* Plugin+Validation.swift */,
				4534131C1A635A940047C820 /* WCLPlugin.h */,
				4534131D1A635A940047C820 /* WCLPlugin.m */,
				458BDBB51A7B05B0008D59B0 /* WCLPlugin+PluginsManager.swift */,
				456229F81A78489600E94307 /* WCLPlugin+Validation.h */,
				456229F91A78489600E94307 /* WCLPlugin+Validation.m */,
				4567DB7918B044B700CBBD29 /* WCLPreferencesWindowController.h */,
				4567DB7A18B044B700CBBD29 /* WCLPreferencesWindowController.m */,
				4567DB7B18B044B700CBBD29 /* WCLPreferencesWindowController.xib */,
				4567DB8D18B26DD000CBBD29 /* WCLPluginViewController.h */,
				4567DB8E18B26DD000CBBD29 /* WCLPluginViewController.m */,
				4567DB8F18B26DD000CBBD29 /* WCLPluginViewController.xib */,
				4567DB9218B26E5800CBBD29 /* WCLEnvironmentViewController.h */,
				4567DB9318B26E5800CBBD29 /* WCLEnvironmentViewController.m */,
				4567DB9418B26E5800CBBD29 /* WCLEnvironmentViewController.xib */,
				45A5EEE618DA7231002657DF /* WCLFilesViewController.h */,
				45A5EEE718DA7231002657DF /* WCLFilesViewController.m */,
				45A5EEE818DA7231002657DF /* WCLFilesViewController.xib */,
				4567DB4918B03A7A00CBBD29 /* Supporting Files */,
				452D272319C66EE40085CDAF /* PluginsDataController.swift */,
				4508DAC91A57623300A6E71F /* PluginsDataController+Paths.swift */,
				45539B0319D4F5790017B892 /* DuplicatePluginController.swift */,
				4563DE171A59BF8C00CCBE45 /* CopyDirectoryController.swift */,
				451A85E019D2409E00C92D47 /* PluginsManager.swift */,
				45CC5A051A675ECF00EDE1B5 /* MultiCollectionController.swift */,
				4590E53A1A0EAF7E000C9890 /* PluginsDirectoryManager.swift */,
				45DEFEAC1A391EB700A6CF7E /* PluginsDirectoryEventHandler.swift */,
				4563D55A1A143679000B5F4C /* WCLDirectoryWatcher.h */,
				4563D55B1A143679000B5F4C /* WCLDirectoryWatcher.m */,
				4563D55D1A1436A6000B5F4C /* WCLFileSystemEvent.h */,
				4563D55E1A1436A6000B5F4C /* WCLFileSystemEvent.m */,
				45F892F218D12AFD00B89515 /* WCLPluginManager_old.h */,
				45F892F318D12AFD00B89515 /* WCLPluginManager_old.m */,
				4534131F1A635CDC0047C820 /* WCLPluginsManager.h */,
				453413201A635CDC0047C820 /* WCLPluginsManager.m */,
				45F892EC18D12A6300B89515 /* WCLKeyToObjectController.h */,
				45F892ED18D12A6300B89515 /* WCLKeyToObjectController.m */,
				45F892EF18D12A8500B89515 /* WCLPluginDataController.h */,
				45F892F018D12A8500B89515 /* WCLPluginDataController.m */,
				45F892E918CFF10D00B89515 /* WCLFileExtensionController_old.h */,
				45F892EA18CFF10D00B89515 /* WCLFileExtensionController_old.m */,
				45CC8E101A731FC600596670 /* WCLFileExtensionsController.h */,
				45CC8E111A731FC600596670 /* WCLFileExtensionsController.m */,
				45CC8E161A742C1700596670 /* FileExtensionsController.swift */,
				45AC08EB18DF277A002550CF /* WCLFileExtension_old.h */,
				45AC08EC18DF277A002550CF /* WCLFileExtension_old.m */,
				45CC8E0E1A731FC600596670 /* WCLFileExtension.h */,
				45CC8E0F1A731FC600596670 /* WCLFileExtension.m */,
			);
			path = PluginEditorPrototype;
			sourceTree = "<group>";
		};
		4567DB4918B03A7A00CBBD29 /* Supporting Files */ = {
			isa = PBXGroup;
			children = (
				4567DB4A18B03A7A00CBBD29 /* PluginEditorPrototype-Info.plist */,
				4567DB4B18B03A7A00CBBD29 /* InfoPlist.strings */,
				4567DB4E18B03A7A00CBBD29 /* main.m */,
				4567DB5018B03A7A00CBBD29 /* PluginEditorPrototype-Prefix.pch */,
				4567DB5118B03A7A00CBBD29 /* Credits.rtf */,
			);
			name = "Supporting Files";
			sourceTree = "<group>";
		};
		4567DB6918B03A7A00CBBD29 /* TestPluginManagerTests */ = {
			isa = PBXGroup;
			children = (
				4576716C18E1015B00EB720C /* WCLFileExtensionTests_old.m */,
				4596913D18D4A4F00096B058 /* WCLFileExtensionsControllerTests_old.m */,
				4589996818D7CCEF0056DCFC /* WCLPluginManagerDefaultNewPluginTests_old.m */,
				45087C9518F0E2E900C18554 /* WCLPluginManagerTests_old.m */,
				4567DB6A18B03A7A00CBBD29 /* Supporting Files */,
				451DAFD618D7D46E00AACC86 /* WCLTestPluginManagerTestCase.h */,
				451DAFD718D7D46E00AACC86 /* WCLTestPluginManagerTestCase.m */,
				4596913F18D4AFF60096B058 /* WCLTestPluginManager.h */,
				4596914018D4AFF60096B058 /* WCLTestPluginManager.m */,
				456D1A6018F38E7E00955EDC /* WCLTestPlugin.h */,
				456D1A6118F38E7E00955EDC /* WCLTestPlugin.m */,
				457F7B5E18D4F6CD0034F6D5 /* WCLTestPluginPrototype.xcdatamodeld */,
				451DAFD918D7DF9E00AACC86 /* Web_ConsoleTestsConstants.h */,
			);
			path = TestPluginManagerTests;
			sourceTree = "<group>";
		};
		4567DB6A18B03A7A00CBBD29 /* Supporting Files */ = {
			isa = PBXGroup;
			children = (
				4567DB6B18B03A7A00CBBD29 /* TestPluginManagerTests-Info.plist */,
				4567DB6C18B03A7A00CBBD29 /* InfoPlist.strings */,
			);
			name = "Supporting Files";
			sourceTree = "<group>";
		};
		456D1A4318F3813300955EDC /* Plugins */ = {
			isa = PBXGroup;
			children = (
				456D1A4818F382F400955EDC /* HTML.wcplugin */,
				456D1A4918F382F400955EDC /* IRB.wcplugin */,
				456D1A4A18F382F400955EDC /* Markdown.wcplugin */,
				456D1A4B18F382F400955EDC /* Node.wcplugin */,
				456D1A4C18F382F400955EDC /* Search.wcplugin */,
				456D1A4D18F382F400955EDC /* Shared Resources.wcplugin */,
				456D1A4E18F382F400955EDC /* Shared Test Resources.wcplugin */,
				456D1A4618F382E900955EDC /* Git.wcplugin */,
				456D1A4418F382E000955EDC /* Coffee.wcplugin */,
			);
			name = Plugins;
			sourceTree = "<group>";
		};
/* End PBXGroup section */

/* Begin PBXNativeTarget section */
		4500C24718E8A39D00B7B0C6 /* PreferencesTests */ = {
			isa = PBXNativeTarget;
			buildConfigurationList = 4500C25718E8A39D00B7B0C6 /* Build configuration list for PBXNativeTarget "PreferencesTests" */;
			buildPhases = (
				4500C24418E8A39D00B7B0C6 /* Sources */,
				4500C24518E8A39D00B7B0C6 /* Frameworks */,
				4500C24618E8A39D00B7B0C6 /* Resources */,
			);
			buildRules = (
			);
			dependencies = (
				4500C25418E8A39D00B7B0C6 /* PBXTargetDependency */,
			);
			name = PreferencesTests;
			productName = PreferencesTests;
			productReference = 4500C24818E8A39D00B7B0C6 /* PreferencesTests.xctest */;
			productType = "com.apple.product-type.bundle.unit-test";
		};
		452D272F19C7AB190085CDAF /* PluginManagerTests */ = {
			isa = PBXNativeTarget;
			buildConfigurationList = 452D273819C7AB190085CDAF /* Build configuration list for PBXNativeTarget "PluginManagerTests" */;
			buildPhases = (
				452D272C19C7AB190085CDAF /* Sources */,
				452D272D19C7AB190085CDAF /* Frameworks */,
				452D272E19C7AB190085CDAF /* Resources */,
			);
			buildRules = (
			);
			dependencies = (
				452D273719C7AB190085CDAF /* PBXTargetDependency */,
			);
			name = PluginManagerTests;
			productName = PluginManagerTests;
			productReference = 452D273019C7AB190085CDAF /* PluginManagerTests.xctest */;
			productType = "com.apple.product-type.bundle.unit-test";
		};
		453413261A63657D0047C820 /* FileSystemTests */ = {
			isa = PBXNativeTarget;
			buildConfigurationList = 4534132F1A63657D0047C820 /* Build configuration list for PBXNativeTarget "FileSystemTests" */;
			buildPhases = (
				453413231A63657D0047C820 /* Sources */,
				453413241A63657D0047C820 /* Frameworks */,
				453413251A63657D0047C820 /* Resources */,
			);
			buildRules = (
			);
			dependencies = (
				4534132E1A63657D0047C820 /* PBXTargetDependency */,
			);
			name = FileSystemTests;
			productName = FileSystemTests;
			productReference = 453413271A63657D0047C820 /* FileSystemTests.xctest */;
			productType = "com.apple.product-type.bundle.unit-test";
		};
		4567DB3E18B03A7A00CBBD29 /* PluginEditorPrototype */ = {
			isa = PBXNativeTarget;
			buildConfigurationList = 4567DB7318B03A7A00CBBD29 /* Build configuration list for PBXNativeTarget "PluginEditorPrototype" */;
			buildPhases = (
				4567DB3B18B03A7A00CBBD29 /* Sources */,
				4567DB3C18B03A7A00CBBD29 /* Frameworks */,
				45EB9A3B1A61C81200CDA51F /* CopyFiles */,
				4567DB3D18B03A7A00CBBD29 /* Resources */,
			);
			buildRules = (
			);
			dependencies = (
			);
			name = PluginEditorPrototype;
			productName = PluginEditorPrototype;
			productReference = 4567DB3F18B03A7A00CBBD29 /* PluginEditorPrototype.app */;
			productType = "com.apple.product-type.application";
		};
		4567DB6218B03A7A00CBBD29 /* TestPluginManagerTests */ = {
			isa = PBXNativeTarget;
			buildConfigurationList = 4567DB7618B03A7A00CBBD29 /* Build configuration list for PBXNativeTarget "TestPluginManagerTests" */;
			buildPhases = (
				4567DB5F18B03A7A00CBBD29 /* Sources */,
				4567DB6018B03A7A00CBBD29 /* Frameworks */,
				4567DB6118B03A7A00CBBD29 /* Resources */,
			);
			buildRules = (
			);
			dependencies = (
				4567DB6818B03A7A00CBBD29 /* PBXTargetDependency */,
			);
			name = TestPluginManagerTests;
			productName = TestPluginManagerTests;
			productReference = 4567DB6318B03A7A00CBBD29 /* TestPluginManagerTests.xctest */;
			productType = "com.apple.product-type.bundle.unit-test";
		};
/* End PBXNativeTarget section */

/* Begin PBXProject section */
		4567DB3718B03A7A00CBBD29 /* Project object */ = {
			isa = PBXProject;
			attributes = {
				CLASSPREFIX = WCL;
				LastUpgradeCheck = 0510;
				ORGANIZATIONNAME = "Roben Kleene";
				TargetAttributes = {
					4500C24718E8A39D00B7B0C6 = {
						TestTargetID = 4567DB3E18B03A7A00CBBD29;
					};
					452D272F19C7AB190085CDAF = {
						CreatedOnToolsVersion = 6.1;
						TestTargetID = 4567DB3E18B03A7A00CBBD29;
					};
					453413261A63657D0047C820 = {
						CreatedOnToolsVersion = 6.1.1;
						TestTargetID = 4567DB3E18B03A7A00CBBD29;
					};
					4567DB6218B03A7A00CBBD29 = {
						TestTargetID = 4567DB3E18B03A7A00CBBD29;
					};
				};
			};
			buildConfigurationList = 4567DB3A18B03A7A00CBBD29 /* Build configuration list for PBXProject "PluginEditorPrototype" */;
			compatibilityVersion = "Xcode 3.2";
			developmentRegion = English;
			hasScannedForEncodings = 0;
			knownRegions = (
				en,
				Base,
			);
			mainGroup = 4567DB3618B03A7A00CBBD29;
			productRefGroup = 4567DB4018B03A7A00CBBD29 /* Products */;
			projectDirPath = "";
			projectRoot = "";
			targets = (
				4567DB3E18B03A7A00CBBD29 /* PluginEditorPrototype */,
				4567DB6218B03A7A00CBBD29 /* TestPluginManagerTests */,
				4500C24718E8A39D00B7B0C6 /* PreferencesTests */,
				452D272F19C7AB190085CDAF /* PluginManagerTests */,
				453413261A63657D0047C820 /* FileSystemTests */,
			);
		};
/* End PBXProject section */

/* Begin PBXResourcesBuildPhase section */
		4500C24618E8A39D00B7B0C6 /* Resources */ = {
			isa = PBXResourcesBuildPhase;
			buildActionMask = 2147483647;
			files = (
				4500C24F18E8A39D00B7B0C6 /* InfoPlist.strings in Resources */,
			);
			runOnlyForDeploymentPostprocessing = 0;
		};
		452D272E19C7AB190085CDAF /* Resources */ = {
			isa = PBXResourcesBuildPhase;
			buildActionMask = 2147483647;
			files = (
				4599CA3F1A636E390015DA99 /* HTML.wcplugin in Resources */,
			);
			runOnlyForDeploymentPostprocessing = 0;
		};
		453413251A63657D0047C820 /* Resources */ = {
			isa = PBXResourcesBuildPhase;
			buildActionMask = 2147483647;
			files = (
				4599CA3E1A636DE40015DA99 /* HTML.wcplugin in Resources */,
			);
			runOnlyForDeploymentPostprocessing = 0;
		};
		4567DB3D18B03A7A00CBBD29 /* Resources */ = {
			isa = PBXResourcesBuildPhase;
			buildActionMask = 2147483647;
			files = (
				4567DB9118B26DD000CBBD29 /* WCLPluginViewController.xib in Resources */,
				4567DB9618B26E5800CBBD29 /* WCLEnvironmentViewController.xib in Resources */,
				4567DB7D18B044B700CBBD29 /* WCLPreferencesWindowController.xib in Resources */,
				45A5EEEA18DA7231002657DF /* WCLFilesViewController.xib in Resources */,
				4567DB4D18B03A7A00CBBD29 /* InfoPlist.strings in Resources */,
				4567DB5E18B03A7A00CBBD29 /* Images.xcassets in Resources */,
				4567DB5318B03A7A00CBBD29 /* Credits.rtf in Resources */,
				4567DB5918B03A7A00CBBD29 /* MainMenu.xib in Resources */,
			);
			runOnlyForDeploymentPostprocessing = 0;
		};
		4567DB6118B03A7A00CBBD29 /* Resources */ = {
			isa = PBXResourcesBuildPhase;
			buildActionMask = 2147483647;
			files = (
				4567DB6E18B03A7A00CBBD29 /* InfoPlist.strings in Resources */,
			);
			runOnlyForDeploymentPostprocessing = 0;
		};
/* End PBXResourcesBuildPhase section */

/* Begin PBXSourcesBuildPhase section */
		4500C24418E8A39D00B7B0C6 /* Sources */ = {
			isa = PBXSourcesBuildPhase;
			buildActionMask = 2147483647;
			files = (
				4500C25A18E8A50800B7B0C6 /* WCLPreferencesWindowControllerTests.m in Sources */,
			);
			runOnlyForDeploymentPostprocessing = 0;
		};
		452D272C19C7AB190085CDAF /* Sources */ = {
			isa = PBXSourcesBuildPhase;
			buildActionMask = 2147483647;
			files = (
				45B011411A6C643D001B0F30 /* Plugin.swift in Sources */,
				45605E8519D72A750033A8AD /* DirectoryTests.swift in Sources */,
				456C54A71A75F3A7005A680E /* FileExtensionsTestCase.swift in Sources */,
				452D274019C7B0AB0085CDAF /* Constants.swift in Sources */,
				45D02C621A072E6100778F3A /* XCTest+BundleResources.swift in Sources */,
				4563DE1A1A59D58000CCBE45 /* CopyDirectoryControllerTests.swift in Sources */,
				45539B0219D4E80E0017B892 /* TemporaryDirectoryTestCase.swift in Sources */,
				45FF3C5C1A0F0806009486AD /* PluginsDirectoryManager.swift in Sources */,
				45CC5A0A1A677A1F00EDE1B5 /* MultiCollectionControllerTests.swift in Sources */,
				45F4235E19D3896F007F5BC3 /* TestConstants.swift in Sources */,
				45B0113C1A6B6912001B0F30 /* PluginsManagerDefaultNewPluginTests.swift in Sources */,
				4590E5391A0EAC58000C9890 /* TemporaryPluginsTestCase.swift in Sources */,
				454363161A6D90E500B283AF /* PluginsDataControllerEventTestCase.swift in Sources */,
				452D273E19C7AFCA0085CDAF /* PluginsDataController.swift in Sources */,
				45D02C611A072E6100778F3A /* PluginTests.swift in Sources */,
				45605E8719D74A1D0033A8AD /* DuplicatePluginControllerTests.swift in Sources */,
				45CFF0491A5CCEE400C16F16 /* PluginsManagerTests.swift in Sources */,
				45FDD13B1A393B4F00746003 /* PluginsDirectoryEventHandler.swift in Sources */,
				458FD69519D8A45B00D4898A /* NSError+Helper.swift in Sources */,
				458BDBB71A7B0665008D59B0 /* WCLPlugin+PluginsManager.swift in Sources */,
				45CC8E181A74316A00596670 /* FileExtensionsController.swift in Sources */,
				45CC8E151A73330500596670 /* FileExtensionsControllerTests.swift in Sources */,
				45B0113F1A6C642E001B0F30 /* Plugin+Initialization.swift in Sources */,
				456E9A4D1A6C772E00DC898C /* PluginsManagerTestCase.swift in Sources */,
				458BDBB31A79D2A9008D59B0 /* Plugin+Validation.swift in Sources */,
				456C54A51A75DE0D005A680E /* WCLFileExtensionTests.swift in Sources */,
				455CFAD41A709A9200E27FB8 /* WCLKeyValueObservingTestsHelper.m in Sources */,
				452D273519C7AB190085CDAF /* PluginsDataControllerTests.swift in Sources */,
				45B011431A6C6451001B0F30 /* PluginsManager.swift in Sources */,
				4508DACB1A57631600A6E71F /* PluginsDataController+Paths.swift in Sources */,
				45CC5A071A67699300EDE1B5 /* MultiCollectionController.swift in Sources */,
				4563DE1B1A59DA6F00CCBE45 /* CopyDirectoryController.swift in Sources */,
				45539B0519D4F5790017B892 /* DuplicatePluginController.swift in Sources */,
			);
			runOnlyForDeploymentPostprocessing = 0;
		};
		453413231A63657D0047C820 /* Sources */ = {
			isa = PBXSourcesBuildPhase;
			buildActionMask = 2147483647;
			files = (
				45B011401A6C642F001B0F30 /* Plugin+Initialization.swift in Sources */,
				45CDABE21A6D722B00BB67D1 /* PluginsManagerTestCase.swift in Sources */,
				453413451A6369D70047C820 /* TestConstants.swift in Sources */,
				4599CA351A636C400015DA99 /* Constants.swift in Sources */,
				4534134A1A636B3C0047C820 /* PluginsDirectoryManagerTests.swift in Sources */,
				4599CA371A636C960015DA99 /* PluginsDirectoryEventHandler.swift in Sources */,
				4599CA3B1A636D010015DA99 /* XCTest+BundleResources.swift in Sources */,
				45B011441A6C6452001B0F30 /* PluginsManager.swift in Sources */,
				4534134E1A636BAD0047C820 /* FilesAndPluginsDirectoryManagerTests.swift in Sources */,
				4599CA361A636C720015DA99 /* PluginsDirectoryManager.swift in Sources */,
				454363141A6D906600B283AF /* PluginsDataControllerEventTestCase+FileSystemHelpers.swift in Sources */,
				458BDBB41A79D2C8008D59B0 /* Plugin+Validation.swift in Sources */,
				454363171A6D90ED00B283AF /* PluginsDataControllerEventTestCase.swift in Sources */,
				453413411A6369550047C820 /* PluginsDataControllerFileSystemTests.swift in Sources */,
				453413331A6366DC0047C820 /* SubprocessFileSystemModifier.swift in Sources */,
				4534134C1A636B850047C820 /* PluginsPathHelperTests.swift in Sources */,
				4599CA391A636CC20015DA99 /* CopyDirectoryController.swift in Sources */,
				4534133E1A6368F20047C820 /* TemporaryPluginsTestCase.swift in Sources */,
				453413501A636BDC0047C820 /* WCLDirectoryWatcherTests.swift in Sources */,
				45CC5A081A67699E00EDE1B5 /* MultiCollectionController.swift in Sources */,
				45B011421A6C643E001B0F30 /* Plugin.swift in Sources */,
				4534133F1A6369010047C820 /* TemporaryDirectoryTestCase.swift in Sources */,
				453413441A6369C70047C820 /* PluginsDataController.swift in Sources */,
				4599CA3A1A636CD70015DA99 /* NSError+Helper.swift in Sources */,
				4599CA3D1A636D2E0015DA99 /* PluginsDataController+Paths.swift in Sources */,
				4599CA381A636CB30015DA99 /* DuplicatePluginController.swift in Sources */,
				453413381A6367E90047C820 /* PluginsManagerFileSystemTests.swift in Sources */,
			);
			runOnlyForDeploymentPostprocessing = 0;
		};
		4567DB3B18B03A7A00CBBD29 /* Sources */ = {
			isa = PBXSourcesBuildPhase;
			buildActionMask = 2147483647;
			files = (
				45AC08ED18DF277A002550CF /* WCLFileExtension_old.m in Sources */,
				452D272B19C670E40085CDAF /* Constants.swift in Sources */,
				456229FA1A78489600E94307 /* WCLPlugin+Validation.m in Sources */,
				4563D55F1A1436A6000B5F4C /* WCLFileSystemEvent.m in Sources */,
				4567DB9518B26E5800CBBD29 /* WCLEnvironmentViewController.m in Sources */,
				4567DB5618B03A7A00CBBD29 /* WCLAppDelegate.m in Sources */,
				45A5EEE918DA7231002657DF /* WCLFilesViewController.m in Sources */,
				453413211A635CDC0047C820 /* WCLPluginsManager.m in Sources */,
				45F892EE18D12A6300B89515 /* WCLKeyToObjectController.m in Sources */,
				45F892F118D12A8500B89515 /* WCLPluginDataController.m in Sources */,
				4534131E1A635A940047C820 /* WCLPlugin.m in Sources */,
				45DEFEAD1A391EB700A6CF7E /* PluginsDirectoryEventHandler.swift in Sources */,
				451A85E119D2409E00C92D47 /* PluginsManager.swift in Sources */,
				4567DB5C18B03A7A00CBBD29 /* PluginEditorPrototype.xcdatamodeld in Sources */,
				45CC5A061A675ECF00EDE1B5 /* MultiCollectionController.swift in Sources */,
				45F892EB18CFF10D00B89515 /* WCLFileExtensionController_old.m in Sources */,
				456229FC1A78490C00E94307 /* Plugin+Validation.swift in Sources */,
				4567DB8918B1C08800CBBD29 /* WCLPlugin_old.m in Sources */,
				45F892F418D12AFD00B89515 /* WCLPluginManager_old.m in Sources */,
				45539B0419D4F5790017B892 /* DuplicatePluginController.swift in Sources */,
				4508DAC71A575FC900A6E71F /* Plugin+Initialization.swift in Sources */,
				452D272819C66EE40085CDAF /* Plugin.swift in Sources */,
				4567DB7C18B044B700CBBD29 /* WCLPreferencesWindowController.m in Sources */,
				4567DB9018B26DD000CBBD29 /* WCLPluginViewController.m in Sources */,
				452D272719C66EE40085CDAF /* PluginsDataController.swift in Sources */,
				4590E53B1A0EAF7E000C9890 /* PluginsDirectoryManager.swift in Sources */,
				457F7B6318D5286E0034F6D5 /* WCLPlugin+Validation_old.m in Sources */,
				458FD69419D8A1D100D4898A /* NSError+Helper.swift in Sources */,
				4508DACA1A57623300A6E71F /* PluginsDataController+Paths.swift in Sources */,
				45CC8E121A731FC600596670 /* WCLFileExtension.m in Sources */,
				45CC8E171A742C1700596670 /* FileExtensionsController.swift in Sources */,
				4563DE181A59BF8C00CCBE45 /* CopyDirectoryController.swift in Sources */,
				4567DB4F18B03A7A00CBBD29 /* main.m in Sources */,
				45CC8E131A731FC600596670 /* WCLFileExtensionsController.m in Sources */,
				458BDBB61A7B05B0008D59B0 /* WCLPlugin+PluginsManager.swift in Sources */,
				4563D55C1A143679000B5F4C /* WCLDirectoryWatcher.m in Sources */,
			);
			runOnlyForDeploymentPostprocessing = 0;
		};
		4567DB5F18B03A7A00CBBD29 /* Sources */ = {
			isa = PBXSourcesBuildPhase;
			buildActionMask = 2147483647;
			files = (
				45087C9618F0E2E900C18554 /* WCLPluginManagerTests_old.m in Sources */,
				4576716D18E1015B00EB720C /* WCLFileExtensionTests_old.m in Sources */,
				455CFAD31A709A9200E27FB8 /* WCLKeyValueObservingTestsHelper.m in Sources */,
				4589996918D7CCEF0056DCFC /* WCLPluginManagerDefaultNewPluginTests_old.m in Sources */,
				456D1A6218F38E7E00955EDC /* WCLTestPlugin.m in Sources */,
				451DAFD818D7D46E00AACC86 /* WCLTestPluginManagerTestCase.m in Sources */,
				4596913E18D4A4F00096B058 /* WCLFileExtensionsControllerTests_old.m in Sources */,
				4596914118D4AFF60096B058 /* WCLTestPluginManager.m in Sources */,
				457F7B6018D4F6CD0034F6D5 /* WCLTestPluginPrototype.xcdatamodeld in Sources */,
			);
			runOnlyForDeploymentPostprocessing = 0;
		};
/* End PBXSourcesBuildPhase section */

/* Begin PBXTargetDependency section */
		4500C25418E8A39D00B7B0C6 /* PBXTargetDependency */ = {
			isa = PBXTargetDependency;
			target = 4567DB3E18B03A7A00CBBD29 /* PluginEditorPrototype */;
			targetProxy = 4500C25318E8A39D00B7B0C6 /* PBXContainerItemProxy */;
		};
		452D273719C7AB190085CDAF /* PBXTargetDependency */ = {
			isa = PBXTargetDependency;
			target = 4567DB3E18B03A7A00CBBD29 /* PluginEditorPrototype */;
			targetProxy = 452D273619C7AB190085CDAF /* PBXContainerItemProxy */;
		};
		4534132E1A63657D0047C820 /* PBXTargetDependency */ = {
			isa = PBXTargetDependency;
			target = 4567DB3E18B03A7A00CBBD29 /* PluginEditorPrototype */;
			targetProxy = 4534132D1A63657D0047C820 /* PBXContainerItemProxy */;
		};
		4567DB6818B03A7A00CBBD29 /* PBXTargetDependency */ = {
			isa = PBXTargetDependency;
			target = 4567DB3E18B03A7A00CBBD29 /* PluginEditorPrototype */;
			targetProxy = 4567DB6718B03A7A00CBBD29 /* PBXContainerItemProxy */;
		};
/* End PBXTargetDependency section */

/* Begin PBXVariantGroup section */
		4500C24D18E8A39D00B7B0C6 /* InfoPlist.strings */ = {
			isa = PBXVariantGroup;
			children = (
				4500C24E18E8A39D00B7B0C6 /* en */,
			);
			name = InfoPlist.strings;
			sourceTree = "<group>";
		};
		4567DB4B18B03A7A00CBBD29 /* InfoPlist.strings */ = {
			isa = PBXVariantGroup;
			children = (
				4567DB4C18B03A7A00CBBD29 /* en */,
			);
			name = InfoPlist.strings;
			sourceTree = "<group>";
		};
		4567DB5118B03A7A00CBBD29 /* Credits.rtf */ = {
			isa = PBXVariantGroup;
			children = (
				4567DB5218B03A7A00CBBD29 /* en */,
			);
			name = Credits.rtf;
			sourceTree = "<group>";
		};
		4567DB5718B03A7A00CBBD29 /* MainMenu.xib */ = {
			isa = PBXVariantGroup;
			children = (
				4567DB5818B03A7A00CBBD29 /* Base */,
			);
			name = MainMenu.xib;
			sourceTree = "<group>";
		};
		4567DB6C18B03A7A00CBBD29 /* InfoPlist.strings */ = {
			isa = PBXVariantGroup;
			children = (
				4567DB6D18B03A7A00CBBD29 /* en */,
			);
			name = InfoPlist.strings;
			sourceTree = "<group>";
		};
/* End PBXVariantGroup section */

/* Begin XCBuildConfiguration section */
		4500C25518E8A39D00B7B0C6 /* Debug */ = {
			isa = XCBuildConfiguration;
			buildSettings = {
				BUNDLE_LOADER = "$(BUILT_PRODUCTS_DIR)/PluginEditorPrototype.app/Contents/MacOS/PluginEditorPrototype";
				CLANG_ENABLE_MODULES = YES;
				CODE_SIGN_IDENTITY = "";
				COMBINE_HIDPI_IMAGES = YES;
				FRAMEWORK_SEARCH_PATHS = (
					"$(DEVELOPER_FRAMEWORKS_DIR)",
					"$(inherited)",
				);
				GCC_PRECOMPILE_PREFIX_HEADER = YES;
				GCC_PREFIX_HEADER = "PreferencesTests/PreferencesTests-Prefix.pch";
				GCC_PREPROCESSOR_DEFINITIONS = (
					"DEBUG=1",
					"$(inherited)",
				);
				GCC_WARN_UNINITIALIZED_AUTOS = YES_AGGRESSIVE;
				INFOPLIST_FILE = "PreferencesTests/PreferencesTests-Info.plist";
				PRODUCT_NAME = "$(TARGET_NAME)";
				TEST_HOST = "$(BUNDLE_LOADER)";
				WRAPPER_EXTENSION = xctest;
			};
			name = Debug;
		};
		4500C25618E8A39D00B7B0C6 /* Release */ = {
			isa = XCBuildConfiguration;
			buildSettings = {
				BUNDLE_LOADER = "$(BUILT_PRODUCTS_DIR)/PluginEditorPrototype.app/Contents/MacOS/PluginEditorPrototype";
				CLANG_ENABLE_MODULES = YES;
				CODE_SIGN_IDENTITY = "";
				COMBINE_HIDPI_IMAGES = YES;
				FRAMEWORK_SEARCH_PATHS = (
					"$(DEVELOPER_FRAMEWORKS_DIR)",
					"$(inherited)",
				);
				GCC_PRECOMPILE_PREFIX_HEADER = YES;
				GCC_PREFIX_HEADER = "PreferencesTests/PreferencesTests-Prefix.pch";
				GCC_WARN_UNINITIALIZED_AUTOS = YES_AGGRESSIVE;
				INFOPLIST_FILE = "PreferencesTests/PreferencesTests-Info.plist";
				PRODUCT_NAME = "$(TARGET_NAME)";
				TEST_HOST = "$(BUNDLE_LOADER)";
				WRAPPER_EXTENSION = xctest;
			};
			name = Release;
		};
		452D273919C7AB190085CDAF /* Debug */ = {
			isa = XCBuildConfiguration;
			buildSettings = {
				BUNDLE_LOADER = "$(TEST_HOST)";
				CLANG_ENABLE_MODULES = YES;
				CLANG_WARN_UNREACHABLE_CODE = YES;
				CODE_SIGN_IDENTITY = "";
				COMBINE_HIDPI_IMAGES = YES;
				ENABLE_STRICT_OBJC_MSGSEND = YES;
				FRAMEWORK_SEARCH_PATHS = (
					"$(DEVELOPER_FRAMEWORKS_DIR)",
					"$(inherited)",
				);
				GCC_PREPROCESSOR_DEFINITIONS = (
					"DEBUG=1",
					"$(inherited)",
				);
				GCC_WARN_UNINITIALIZED_AUTOS = YES_AGGRESSIVE;
				INFOPLIST_FILE = PluginManagerTests/Info.plist;
				LD_RUNPATH_SEARCH_PATHS = "$(inherited) @executable_path/../Frameworks @loader_path/../Frameworks";
				MTL_ENABLE_DEBUG_INFO = YES;
				PRODUCT_NAME = "$(TARGET_NAME)";
				SWIFT_OBJC_BRIDGING_HEADER = "PluginManagerTests/PluginManagerTests-Bridging-Header.h";
				SWIFT_OPTIMIZATION_LEVEL = "-Onone";
				TEST_HOST = "$(BUILT_PRODUCTS_DIR)/PluginEditorPrototype.app/Contents/MacOS/PluginEditorPrototype";
			};
			name = Debug;
		};
		452D273A19C7AB190085CDAF /* Release */ = {
			isa = XCBuildConfiguration;
			buildSettings = {
				BUNDLE_LOADER = "$(TEST_HOST)";
				CLANG_ENABLE_MODULES = YES;
				CLANG_WARN_UNREACHABLE_CODE = YES;
				CODE_SIGN_IDENTITY = "";
				COMBINE_HIDPI_IMAGES = YES;
				ENABLE_STRICT_OBJC_MSGSEND = YES;
				FRAMEWORK_SEARCH_PATHS = (
					"$(DEVELOPER_FRAMEWORKS_DIR)",
					"$(inherited)",
				);
				GCC_WARN_UNINITIALIZED_AUTOS = YES_AGGRESSIVE;
				INFOPLIST_FILE = PluginManagerTests/Info.plist;
				LD_RUNPATH_SEARCH_PATHS = "$(inherited) @executable_path/../Frameworks @loader_path/../Frameworks";
				MTL_ENABLE_DEBUG_INFO = NO;
				PRODUCT_NAME = "$(TARGET_NAME)";
				SWIFT_OBJC_BRIDGING_HEADER = "PluginManagerTests/PluginManagerTests-Bridging-Header.h";
				TEST_HOST = "$(BUILT_PRODUCTS_DIR)/PluginEditorPrototype.app/Contents/MacOS/PluginEditorPrototype";
			};
			name = Release;
		};
		453413301A63657D0047C820 /* Debug */ = {
			isa = XCBuildConfiguration;
			buildSettings = {
				BUNDLE_LOADER = "$(TEST_HOST)";
				CLANG_ENABLE_MODULES = YES;
				CLANG_WARN_UNREACHABLE_CODE = YES;
				COMBINE_HIDPI_IMAGES = YES;
				ENABLE_STRICT_OBJC_MSGSEND = YES;
				FRAMEWORK_SEARCH_PATHS = (
					"$(DEVELOPER_FRAMEWORKS_DIR)",
					"$(inherited)",
				);
				GCC_PREPROCESSOR_DEFINITIONS = (
					"DEBUG=1",
					"$(inherited)",
				);
				GCC_WARN_UNINITIALIZED_AUTOS = YES_AGGRESSIVE;
				INFOPLIST_FILE = FileSystemTests/Info.plist;
				LD_RUNPATH_SEARCH_PATHS = "$(inherited) @executable_path/../Frameworks @loader_path/../Frameworks";
				MACOSX_DEPLOYMENT_TARGET = 10.10;
				MTL_ENABLE_DEBUG_INFO = YES;
				PRODUCT_NAME = "$(TARGET_NAME)";
				SWIFT_OPTIMIZATION_LEVEL = "-Onone";
				TEST_HOST = "$(BUILT_PRODUCTS_DIR)/PluginEditorPrototype.app/Contents/MacOS/PluginEditorPrototype";
			};
			name = Debug;
		};
		453413311A63657D0047C820 /* Release */ = {
			isa = XCBuildConfiguration;
			buildSettings = {
				BUNDLE_LOADER = "$(TEST_HOST)";
				CLANG_ENABLE_MODULES = YES;
				CLANG_WARN_UNREACHABLE_CODE = YES;
				COMBINE_HIDPI_IMAGES = YES;
				ENABLE_STRICT_OBJC_MSGSEND = YES;
				FRAMEWORK_SEARCH_PATHS = (
					"$(DEVELOPER_FRAMEWORKS_DIR)",
					"$(inherited)",
				);
				GCC_WARN_UNINITIALIZED_AUTOS = YES_AGGRESSIVE;
				INFOPLIST_FILE = FileSystemTests/Info.plist;
				LD_RUNPATH_SEARCH_PATHS = "$(inherited) @executable_path/../Frameworks @loader_path/../Frameworks";
				MACOSX_DEPLOYMENT_TARGET = 10.10;
				MTL_ENABLE_DEBUG_INFO = NO;
				PRODUCT_NAME = "$(TARGET_NAME)";
				TEST_HOST = "$(BUILT_PRODUCTS_DIR)/PluginEditorPrototype.app/Contents/MacOS/PluginEditorPrototype";
			};
			name = Release;
		};
		4567DB7118B03A7A00CBBD29 /* Debug */ = {
			isa = XCBuildConfiguration;
			buildSettings = {
				ALWAYS_SEARCH_USER_PATHS = NO;
				CLANG_CXX_LANGUAGE_STANDARD = "gnu++0x";
				CLANG_CXX_LIBRARY = "libc++";
				CLANG_ENABLE_OBJC_ARC = YES;
				CLANG_WARN_BOOL_CONVERSION = YES;
				CLANG_WARN_CONSTANT_CONVERSION = YES;
				CLANG_WARN_DIRECT_OBJC_ISA_USAGE = YES_ERROR;
				CLANG_WARN_EMPTY_BODY = YES;
				CLANG_WARN_ENUM_CONVERSION = YES;
				CLANG_WARN_INT_CONVERSION = YES;
				CLANG_WARN_OBJC_ROOT_CLASS = YES_ERROR;
				CLANG_WARN__DUPLICATE_METHOD_MATCH = YES;
				CODE_SIGN_IDENTITY = "";
				COPY_PHASE_STRIP = NO;
				GCC_C_LANGUAGE_STANDARD = gnu99;
				GCC_DYNAMIC_NO_PIC = NO;
				GCC_ENABLE_OBJC_EXCEPTIONS = YES;
				GCC_OPTIMIZATION_LEVEL = 0;
				GCC_PREPROCESSOR_DEFINITIONS = (
					"DEBUG=1",
					"$(inherited)",
				);
				GCC_SYMBOLS_PRIVATE_EXTERN = NO;
				GCC_WARN_64_TO_32_BIT_CONVERSION = YES;
				GCC_WARN_ABOUT_RETURN_TYPE = YES_ERROR;
				GCC_WARN_UNDECLARED_SELECTOR = YES;
				GCC_WARN_UNINITIALIZED_AUTOS = YES;
				GCC_WARN_UNUSED_FUNCTION = YES;
				GCC_WARN_UNUSED_VARIABLE = YES;
				MACOSX_DEPLOYMENT_TARGET = 10.9;
				ONLY_ACTIVE_ARCH = YES;
				SDKROOT = macosx;
				SWIFT_OBJC_BRIDGING_HEADER = "PluginEditorPrototype/PluginEditorPrototype-Bridging-Header.h";
			};
			name = Debug;
		};
		4567DB7218B03A7A00CBBD29 /* Release */ = {
			isa = XCBuildConfiguration;
			buildSettings = {
				ALWAYS_SEARCH_USER_PATHS = NO;
				CLANG_CXX_LANGUAGE_STANDARD = "gnu++0x";
				CLANG_CXX_LIBRARY = "libc++";
				CLANG_ENABLE_OBJC_ARC = YES;
				CLANG_WARN_BOOL_CONVERSION = YES;
				CLANG_WARN_CONSTANT_CONVERSION = YES;
				CLANG_WARN_DIRECT_OBJC_ISA_USAGE = YES_ERROR;
				CLANG_WARN_EMPTY_BODY = YES;
				CLANG_WARN_ENUM_CONVERSION = YES;
				CLANG_WARN_INT_CONVERSION = YES;
				CLANG_WARN_OBJC_ROOT_CLASS = YES_ERROR;
				CLANG_WARN__DUPLICATE_METHOD_MATCH = YES;
				CODE_SIGN_IDENTITY = "";
				COPY_PHASE_STRIP = YES;
				DEBUG_INFORMATION_FORMAT = "dwarf-with-dsym";
				ENABLE_NS_ASSERTIONS = NO;
				GCC_C_LANGUAGE_STANDARD = gnu99;
				GCC_ENABLE_OBJC_EXCEPTIONS = YES;
				GCC_WARN_64_TO_32_BIT_CONVERSION = YES;
				GCC_WARN_ABOUT_RETURN_TYPE = YES_ERROR;
				GCC_WARN_UNDECLARED_SELECTOR = YES;
				GCC_WARN_UNINITIALIZED_AUTOS = YES;
				GCC_WARN_UNUSED_FUNCTION = YES;
				GCC_WARN_UNUSED_VARIABLE = YES;
				MACOSX_DEPLOYMENT_TARGET = 10.9;
				SDKROOT = macosx;
				SWIFT_OBJC_BRIDGING_HEADER = "PluginEditorPrototype/PluginEditorPrototype-Bridging-Header.h";
			};
			name = Release;
		};
		4567DB7418B03A7A00CBBD29 /* Debug */ = {
			isa = XCBuildConfiguration;
			buildSettings = {
				ASSETCATALOG_COMPILER_APPICON_NAME = AppIcon;
				CODE_SIGN_IDENTITY = "";
				COMBINE_HIDPI_IMAGES = YES;
				DEFINES_MODULE = YES;
				GCC_PRECOMPILE_PREFIX_HEADER = YES;
				GCC_PREFIX_HEADER = "PluginEditorPrototype/PluginEditorPrototype-Prefix.pch";
				INFOPLIST_FILE = "PluginEditorPrototype/PluginEditorPrototype-Info.plist";
				LD_RUNPATH_SEARCH_PATHS = "$(inherited) @executable_path/../Frameworks";
				PRODUCT_NAME = "$(TARGET_NAME)";
				WRAPPER_EXTENSION = app;
			};
			name = Debug;
		};
		4567DB7518B03A7A00CBBD29 /* Release */ = {
			isa = XCBuildConfiguration;
			buildSettings = {
				ASSETCATALOG_COMPILER_APPICON_NAME = AppIcon;
				CODE_SIGN_IDENTITY = "";
				COMBINE_HIDPI_IMAGES = YES;
				DEFINES_MODULE = YES;
				GCC_PRECOMPILE_PREFIX_HEADER = YES;
				GCC_PREFIX_HEADER = "PluginEditorPrototype/PluginEditorPrototype-Prefix.pch";
				INFOPLIST_FILE = "PluginEditorPrototype/PluginEditorPrototype-Info.plist";
				LD_RUNPATH_SEARCH_PATHS = "$(inherited) @executable_path/../Frameworks";
				PRODUCT_NAME = "$(TARGET_NAME)";
				WRAPPER_EXTENSION = app;
			};
			name = Release;
		};
		4567DB7718B03A7A00CBBD29 /* Debug */ = {
			isa = XCBuildConfiguration;
			buildSettings = {
				BUNDLE_LOADER = "$(BUILT_PRODUCTS_DIR)/PluginEditorPrototype.app/Contents/MacOS/PluginEditorPrototype";
				CODE_SIGN_IDENTITY = "";
				COMBINE_HIDPI_IMAGES = YES;
				FRAMEWORK_SEARCH_PATHS = (
					"$(DEVELOPER_FRAMEWORKS_DIR)",
					"$(inherited)",
				);
				GCC_PRECOMPILE_PREFIX_HEADER = YES;
				GCC_PREFIX_HEADER = "PluginEditorPrototype/PluginEditorPrototype-Prefix.pch";
				GCC_PREPROCESSOR_DEFINITIONS = (
					"DEBUG=1",
					"$(inherited)",
				);
				INFOPLIST_FILE = "TestPluginManagerTests/TestPluginManagerTests-Info.plist";
				PRODUCT_NAME = "$(TARGET_NAME)";
				TEST_HOST = "$(BUNDLE_LOADER)";
				WRAPPER_EXTENSION = xctest;
			};
			name = Debug;
		};
		4567DB7818B03A7A00CBBD29 /* Release */ = {
			isa = XCBuildConfiguration;
			buildSettings = {
				BUNDLE_LOADER = "$(BUILT_PRODUCTS_DIR)/PluginEditorPrototype.app/Contents/MacOS/PluginEditorPrototype";
				CODE_SIGN_IDENTITY = "";
				COMBINE_HIDPI_IMAGES = YES;
				FRAMEWORK_SEARCH_PATHS = (
					"$(DEVELOPER_FRAMEWORKS_DIR)",
					"$(inherited)",
				);
				GCC_PRECOMPILE_PREFIX_HEADER = YES;
				GCC_PREFIX_HEADER = "PluginEditorPrototype/PluginEditorPrototype-Prefix.pch";
				INFOPLIST_FILE = "TestPluginManagerTests/TestPluginManagerTests-Info.plist";
				PRODUCT_NAME = "$(TARGET_NAME)";
				TEST_HOST = "$(BUNDLE_LOADER)";
				WRAPPER_EXTENSION = xctest;
			};
			name = Release;
		};
/* End XCBuildConfiguration section */

/* Begin XCConfigurationList section */
		4500C25718E8A39D00B7B0C6 /* Build configuration list for PBXNativeTarget "PreferencesTests" */ = {
			isa = XCConfigurationList;
			buildConfigurations = (
				4500C25518E8A39D00B7B0C6 /* Debug */,
				4500C25618E8A39D00B7B0C6 /* Release */,
			);
			defaultConfigurationIsVisible = 0;
			defaultConfigurationName = Release;
		};
		452D273819C7AB190085CDAF /* Build configuration list for PBXNativeTarget "PluginManagerTests" */ = {
			isa = XCConfigurationList;
			buildConfigurations = (
				452D273919C7AB190085CDAF /* Debug */,
				452D273A19C7AB190085CDAF /* Release */,
			);
			defaultConfigurationIsVisible = 0;
			defaultConfigurationName = Release;
		};
		4534132F1A63657D0047C820 /* Build configuration list for PBXNativeTarget "FileSystemTests" */ = {
			isa = XCConfigurationList;
			buildConfigurations = (
				453413301A63657D0047C820 /* Debug */,
				453413311A63657D0047C820 /* Release */,
			);
			defaultConfigurationIsVisible = 0;
			defaultConfigurationName = Release;
		};
		4567DB3A18B03A7A00CBBD29 /* Build configuration list for PBXProject "PluginEditorPrototype" */ = {
			isa = XCConfigurationList;
			buildConfigurations = (
				4567DB7118B03A7A00CBBD29 /* Debug */,
				4567DB7218B03A7A00CBBD29 /* Release */,
			);
			defaultConfigurationIsVisible = 0;
			defaultConfigurationName = Release;
		};
		4567DB7318B03A7A00CBBD29 /* Build configuration list for PBXNativeTarget "PluginEditorPrototype" */ = {
			isa = XCConfigurationList;
			buildConfigurations = (
				4567DB7418B03A7A00CBBD29 /* Debug */,
				4567DB7518B03A7A00CBBD29 /* Release */,
			);
			defaultConfigurationIsVisible = 0;
			defaultConfigurationName = Release;
		};
		4567DB7618B03A7A00CBBD29 /* Build configuration list for PBXNativeTarget "TestPluginManagerTests" */ = {
			isa = XCConfigurationList;
			buildConfigurations = (
				4567DB7718B03A7A00CBBD29 /* Debug */,
				4567DB7818B03A7A00CBBD29 /* Release */,
			);
			defaultConfigurationIsVisible = 0;
			defaultConfigurationName = Release;
		};
/* End XCConfigurationList section */

/* Begin XCVersionGroup section */
		4567DB5A18B03A7A00CBBD29 /* PluginEditorPrototype.xcdatamodeld */ = {
			isa = XCVersionGroup;
			children = (
				4567DB5B18B03A7A00CBBD29 /* PluginEditorPrototype.xcdatamodel */,
			);
			currentVersion = 4567DB5B18B03A7A00CBBD29 /* PluginEditorPrototype.xcdatamodel */;
			path = PluginEditorPrototype.xcdatamodeld;
			sourceTree = "<group>";
			versionGroupType = wrapper.xcdatamodel;
		};
		457F7B5E18D4F6CD0034F6D5 /* WCLTestPluginPrototype.xcdatamodeld */ = {
			isa = XCVersionGroup;
			children = (
				457F7B5F18D4F6CD0034F6D5 /* WCLTestPluginPrototype.xcdatamodel */,
			);
			currentVersion = 457F7B5F18D4F6CD0034F6D5 /* WCLTestPluginPrototype.xcdatamodel */;
			path = WCLTestPluginPrototype.xcdatamodeld;
			sourceTree = "<group>";
			versionGroupType = wrapper.xcdatamodel;
		};
/* End XCVersionGroup section */
	};
	rootObject = 4567DB3718B03A7A00CBBD29 /* Project object */;
}
