// !$*UTF8*$!
{
	archiveVersion = 1;
	classes = {
	};
	objectVersion = 46;
	objects = {

/* Begin PBXBuildFile section */
		4527478C1B65BDC8006D2242 /* Constants.swift in Sources */ = {isa = PBXBuildFile; fileRef = 4527478B1B65BDC8006D2242 /* Constants.swift */; };
		4557E2831B6D6F6C00A48E46 /* PluginWindowsController.swift in Sources */ = {isa = PBXBuildFile; fileRef = 4557E2821B6D6F6C00A48E46 /* PluginWindowsController.swift */; };
		4557E2851B6D7AB500A48E46 /* PluginWindowController.swift in Sources */ = {isa = PBXBuildFile; fileRef = 4557E2841B6D7AB500A48E46 /* PluginWindowController.swift */; };
		457F4FDE1B5C36A0007645C4 /* AppDelegate.swift in Sources */ = {isa = PBXBuildFile; fileRef = 457F4FDD1B5C36A0007645C4 /* AppDelegate.swift */; };
		457F4FE01B5C36A0007645C4 /* WebViewController.swift in Sources */ = {isa = PBXBuildFile; fileRef = 457F4FDF1B5C36A0007645C4 /* WebViewController.swift */; };
		457F4FE21B5C36A0007645C4 /* Images.xcassets in Resources */ = {isa = PBXBuildFile; fileRef = 457F4FE11B5C36A0007645C4 /* Images.xcassets */; };
		457F4FE51B5C36A0007645C4 /* Main.storyboard in Resources */ = {isa = PBXBuildFile; fileRef = 457F4FE31B5C36A0007645C4 /* Main.storyboard */; };
		457F4FF11B5C36A0007645C4 /* PluginViewControllerTests.swift in Sources */ = {isa = PBXBuildFile; fileRef = 457F4FF01B5C36A0007645C4 /* PluginViewControllerTests.swift */; };
		457F4FFB1B5C3C64007645C4 /* PluginViewController.swift in Sources */ = {isa = PBXBuildFile; fileRef = 457F4FFA1B5C3C64007645C4 /* PluginViewController.swift */; };
/* End PBXBuildFile section */

/* Begin PBXContainerItemProxy section */
		457F4FEB1B5C36A0007645C4 /* PBXContainerItemProxy */ = {
			isa = PBXContainerItemProxy;
			containerPortal = 457F4FD01B5C36A0007645C4 /* Project object */;
			proxyType = 1;
			remoteGlobalIDString = 457F4FD71B5C36A0007645C4;
			remoteInfo = SplitViewPrototype;
		};
/* End PBXContainerItemProxy section */

/* Begin PBXFileReference section */
		4527478B1B65BDC8006D2242 /* Constants.swift */ = {isa = PBXFileReference; fileEncoding = 4; lastKnownFileType = sourcecode.swift; path = Constants.swift; sourceTree = "<group>"; };
		4557E2821B6D6F6C00A48E46 /* PluginWindowsController.swift */ = {isa = PBXFileReference; fileEncoding = 4; lastKnownFileType = sourcecode.swift; path = PluginWindowsController.swift; sourceTree = "<group>"; };
		4557E2841B6D7AB500A48E46 /* PluginWindowController.swift */ = {isa = PBXFileReference; fileEncoding = 4; lastKnownFileType = sourcecode.swift; path = PluginWindowController.swift; sourceTree = "<group>"; };
		457F4FD81B5C36A0007645C4 /* SplitViewPrototype.app */ = {isa = PBXFileReference; explicitFileType = wrapper.application; includeInIndex = 0; path = SplitViewPrototype.app; sourceTree = BUILT_PRODUCTS_DIR; };
		457F4FDC1B5C36A0007645C4 /* Info.plist */ = {isa = PBXFileReference; lastKnownFileType = text.plist.xml; path = Info.plist; sourceTree = "<group>"; };
		457F4FDD1B5C36A0007645C4 /* AppDelegate.swift */ = {isa = PBXFileReference; lastKnownFileType = sourcecode.swift; path = AppDelegate.swift; sourceTree = "<group>"; };
		457F4FDF1B5C36A0007645C4 /* WebViewController.swift */ = {isa = PBXFileReference; lastKnownFileType = sourcecode.swift; path = WebViewController.swift; sourceTree = "<group>"; };
		457F4FE11B5C36A0007645C4 /* Images.xcassets */ = {isa = PBXFileReference; lastKnownFileType = folder.assetcatalog; path = Images.xcassets; sourceTree = "<group>"; };
		457F4FE41B5C36A0007645C4 /* Base */ = {isa = PBXFileReference; lastKnownFileType = file.storyboard; name = Base; path = Base.lproj/Main.storyboard; sourceTree = "<group>"; };
		457F4FEA1B5C36A0007645C4 /* SplitViewPrototypeTests.xctest */ = {isa = PBXFileReference; explicitFileType = wrapper.cfbundle; includeInIndex = 0; path = SplitViewPrototypeTests.xctest; sourceTree = BUILT_PRODUCTS_DIR; };
		457F4FEF1B5C36A0007645C4 /* Info.plist */ = {isa = PBXFileReference; lastKnownFileType = text.plist.xml; path = Info.plist; sourceTree = "<group>"; };
		457F4FF01B5C36A0007645C4 /* PluginViewControllerTests.swift */ = {isa = PBXFileReference; lastKnownFileType = sourcecode.swift; path = PluginViewControllerTests.swift; sourceTree = "<group>"; };
		457F4FFA1B5C3C64007645C4 /* PluginViewController.swift */ = {isa = PBXFileReference; fileEncoding = 4; lastKnownFileType = sourcecode.swift; path = PluginViewController.swift; sourceTree = "<group>"; };
/* End PBXFileReference section */

/* Begin PBXFrameworksBuildPhase section */
		457F4FD51B5C36A0007645C4 /* Frameworks */ = {
			isa = PBXFrameworksBuildPhase;
			buildActionMask = 2147483647;
			files = (
			);
			runOnlyForDeploymentPostprocessing = 0;
		};
		457F4FE71B5C36A0007645C4 /* Frameworks */ = {
			isa = PBXFrameworksBuildPhase;
			buildActionMask = 2147483647;
			files = (
			);
			runOnlyForDeploymentPostprocessing = 0;
		};
/* End PBXFrameworksBuildPhase section */

/* Begin PBXGroup section */
		457F4FCF1B5C36A0007645C4 = {
			isa = PBXGroup;
			children = (
				457F4FDA1B5C36A0007645C4 /* SplitViewPrototype */,
				457F4FED1B5C36A0007645C4 /* SplitViewPrototypeTests */,
				457F4FD91B5C36A0007645C4 /* Products */,
			);
			sourceTree = "<group>";
		};
		457F4FD91B5C36A0007645C4 /* Products */ = {
			isa = PBXGroup;
			children = (
				457F4FD81B5C36A0007645C4 /* SplitViewPrototype.app */,
				457F4FEA1B5C36A0007645C4 /* SplitViewPrototypeTests.xctest */,
			);
			name = Products;
			sourceTree = "<group>";
		};
		457F4FDA1B5C36A0007645C4 /* SplitViewPrototype */ = {
			isa = PBXGroup;
			children = (
				457F4FDD1B5C36A0007645C4 /* AppDelegate.swift */,
				457F4FDF1B5C36A0007645C4 /* WebViewController.swift */,
				457F4FE11B5C36A0007645C4 /* Images.xcassets */,
				457F4FE31B5C36A0007645C4 /* Main.storyboard */,
				457F4FDB1B5C36A0007645C4 /* Supporting Files */,
				457F4FFA1B5C3C64007645C4 /* PluginViewController.swift */,
				4527478B1B65BDC8006D2242 /* Constants.swift */,
				4557E2821B6D6F6C00A48E46 /* PluginWindowsController.swift */,
				4557E2841B6D7AB500A48E46 /* PluginWindowController.swift */,
			);
			path = SplitViewPrototype;
			sourceTree = "<group>";
		};
		457F4FDB1B5C36A0007645C4 /* Supporting Files */ = {
			isa = PBXGroup;
			children = (
				457F4FDC1B5C36A0007645C4 /* Info.plist */,
			);
			name = "Supporting Files";
			sourceTree = "<group>";
		};
		457F4FED1B5C36A0007645C4 /* SplitViewPrototypeTests */ = {
			isa = PBXGroup;
			children = (
				457F4FF01B5C36A0007645C4 /* PluginViewControllerTests.swift */,
				457F4FEE1B5C36A0007645C4 /* Supporting Files */,
			);
			path = SplitViewPrototypeTests;
			sourceTree = "<group>";
		};
		457F4FEE1B5C36A0007645C4 /* Supporting Files */ = {
			isa = PBXGroup;
			children = (
				457F4FEF1B5C36A0007645C4 /* Info.plist */,
			);
			name = "Supporting Files";
			sourceTree = "<group>";
		};
/* End PBXGroup section */

/* Begin PBXNativeTarget section */
		457F4FD71B5C36A0007645C4 /* SplitViewPrototype */ = {
			isa = PBXNativeTarget;
			buildConfigurationList = 457F4FF41B5C36A0007645C4 /* Build configuration list for PBXNativeTarget "SplitViewPrototype" */;
			buildPhases = (
				457F4FD41B5C36A0007645C4 /* Sources */,
				457F4FD51B5C36A0007645C4 /* Frameworks */,
				457F4FD61B5C36A0007645C4 /* Resources */,
			);
			buildRules = (
			);
			dependencies = (
			);
			name = SplitViewPrototype;
			productName = SplitViewPrototype;
			productReference = 457F4FD81B5C36A0007645C4 /* SplitViewPrototype.app */;
			productType = "com.apple.product-type.application";
		};
		457F4FE91B5C36A0007645C4 /* SplitViewPrototypeTests */ = {
			isa = PBXNativeTarget;
			buildConfigurationList = 457F4FF71B5C36A0007645C4 /* Build configuration list for PBXNativeTarget "SplitViewPrototypeTests" */;
			buildPhases = (
				457F4FE61B5C36A0007645C4 /* Sources */,
				457F4FE71B5C36A0007645C4 /* Frameworks */,
				457F4FE81B5C36A0007645C4 /* Resources */,
			);
			buildRules = (
			);
			dependencies = (
				457F4FEC1B5C36A0007645C4 /* PBXTargetDependency */,
			);
			name = SplitViewPrototypeTests;
			productName = SplitViewPrototypeTests;
			productReference = 457F4FEA1B5C36A0007645C4 /* SplitViewPrototypeTests.xctest */;
			productType = "com.apple.product-type.bundle.unit-test";
		};
/* End PBXNativeTarget section */

/* Begin PBXProject section */
		457F4FD01B5C36A0007645C4 /* Project object */ = {
			isa = PBXProject;
			attributes = {
				LastSwiftUpdateCheck = 0700;
				LastUpgradeCheck = 0640;
				ORGANIZATIONNAME = "Roben Kleene";
				TargetAttributes = {
					457F4FD71B5C36A0007645C4 = {
						CreatedOnToolsVersion = 6.4;
					};
					457F4FE91B5C36A0007645C4 = {
						CreatedOnToolsVersion = 6.4;
						TestTargetID = 457F4FD71B5C36A0007645C4;
					};
				};
			};
			buildConfigurationList = 457F4FD31B5C36A0007645C4 /* Build configuration list for PBXProject "SplitViewPrototype" */;
			compatibilityVersion = "Xcode 3.2";
			developmentRegion = English;
			hasScannedForEncodings = 0;
			knownRegions = (
				en,
				Base,
			);
			mainGroup = 457F4FCF1B5C36A0007645C4;
			productRefGroup = 457F4FD91B5C36A0007645C4 /* Products */;
			projectDirPath = "";
			projectRoot = "";
			targets = (
				457F4FD71B5C36A0007645C4 /* SplitViewPrototype */,
				457F4FE91B5C36A0007645C4 /* SplitViewPrototypeTests */,
			);
		};
/* End PBXProject section */

/* Begin PBXResourcesBuildPhase section */
		457F4FD61B5C36A0007645C4 /* Resources */ = {
			isa = PBXResourcesBuildPhase;
			buildActionMask = 2147483647;
			files = (
				457F4FE21B5C36A0007645C4 /* Images.xcassets in Resources */,
				457F4FE51B5C36A0007645C4 /* Main.storyboard in Resources */,
			);
			runOnlyForDeploymentPostprocessing = 0;
		};
		457F4FE81B5C36A0007645C4 /* Resources */ = {
			isa = PBXResourcesBuildPhase;
			buildActionMask = 2147483647;
			files = (
			);
			runOnlyForDeploymentPostprocessing = 0;
		};
/* End PBXResourcesBuildPhase section */

/* Begin PBXSourcesBuildPhase section */
		457F4FD41B5C36A0007645C4 /* Sources */ = {
			isa = PBXSourcesBuildPhase;
			buildActionMask = 2147483647;
			files = (
				457F4FFB1B5C3C64007645C4 /* PluginViewController.swift in Sources */,
				457F4FE01B5C36A0007645C4 /* WebViewController.swift in Sources */,
				457F4FDE1B5C36A0007645C4 /* AppDelegate.swift in Sources */,
				4557E2831B6D6F6C00A48E46 /* PluginWindowsController.swift in Sources */,
				4557E2851B6D7AB500A48E46 /* PluginWindowController.swift in Sources */,
				4527478C1B65BDC8006D2242 /* Constants.swift in Sources */,
			);
			runOnlyForDeploymentPostprocessing = 0;
		};
		457F4FE61B5C36A0007645C4 /* Sources */ = {
			isa = PBXSourcesBuildPhase;
			buildActionMask = 2147483647;
			files = (
				457F4FF11B5C36A0007645C4 /* PluginViewControllerTests.swift in Sources */,
			);
			runOnlyForDeploymentPostprocessing = 0;
		};
/* End PBXSourcesBuildPhase section */

/* Begin PBXTargetDependency section */
		457F4FEC1B5C36A0007645C4 /* PBXTargetDependency */ = {
			isa = PBXTargetDependency;
			target = 457F4FD71B5C36A0007645C4 /* SplitViewPrototype */;
			targetProxy = 457F4FEB1B5C36A0007645C4 /* PBXContainerItemProxy */;
		};
/* End PBXTargetDependency section */

/* Begin PBXVariantGroup section */
		457F4FE31B5C36A0007645C4 /* Main.storyboard */ = {
			isa = PBXVariantGroup;
			children = (
				457F4FE41B5C36A0007645C4 /* Base */,
			);
			name = Main.storyboard;
			sourceTree = "<group>";
		};
/* End PBXVariantGroup section */

/* Begin XCBuildConfiguration section */
		457F4FF21B5C36A0007645C4 /* Debug */ = {
			isa = XCBuildConfiguration;
			buildSettings = {
				ALWAYS_SEARCH_USER_PATHS = NO;
				CLANG_CXX_LANGUAGE_STANDARD = "gnu++0x";
				CLANG_CXX_LIBRARY = "libc++";
				CLANG_ENABLE_MODULES = YES;
				CLANG_ENABLE_OBJC_ARC = YES;
				CLANG_WARN_BOOL_CONVERSION = YES;
				CLANG_WARN_CONSTANT_CONVERSION = YES;
				CLANG_WARN_DIRECT_OBJC_ISA_USAGE = YES_ERROR;
				CLANG_WARN_EMPTY_BODY = YES;
				CLANG_WARN_ENUM_CONVERSION = YES;
				CLANG_WARN_INT_CONVERSION = YES;
				CLANG_WARN_OBJC_ROOT_CLASS = YES_ERROR;
				CLANG_WARN_UNREACHABLE_CODE = YES;
				CLANG_WARN__DUPLICATE_METHOD_MATCH = YES;
				CODE_SIGN_IDENTITY = "-";
				COPY_PHASE_STRIP = NO;
				DEBUG_INFORMATION_FORMAT = dwarf;
				ENABLE_STRICT_OBJC_MSGSEND = YES;
				GCC_C_LANGUAGE_STANDARD = gnu99;
				GCC_DYNAMIC_NO_PIC = NO;
				GCC_NO_COMMON_BLOCKS = YES;
				GCC_OPTIMIZATION_LEVEL = 0;
				GCC_PREPROCESSOR_DEFINITIONS = (
					"DEBUG=1",
					"$(inherited)",
				);
				GCC_SYMBOLS_PRIVATE_EXTERN = NO;
				GCC_WARN_64_TO_32_BIT_CONVERSION = YES;
				GCC_WARN_ABOUT_RETURN_TYPE = YES_ERROR;
				GCC_WARN_UNDECLARED_SELECTOR = YES;
				GCC_WARN_UNINITIALIZED_AUTOS = YES_AGGRESSIVE;
				GCC_WARN_UNUSED_FUNCTION = YES;
				GCC_WARN_UNUSED_VARIABLE = YES;
				MACOSX_DEPLOYMENT_TARGET = 10.10;
				MTL_ENABLE_DEBUG_INFO = YES;
				ONLY_ACTIVE_ARCH = YES;
				SDKROOT = macosx;
				SWIFT_OPTIMIZATION_LEVEL = "-Onone";
			};
			name = Debug;
		};
		457F4FF31B5C36A0007645C4 /* Release */ = {
			isa = XCBuildConfiguration;
			buildSettings = {
				ALWAYS_SEARCH_USER_PATHS = NO;
				CLANG_CXX_LANGUAGE_STANDARD = "gnu++0x";
				CLANG_CXX_LIBRARY = "libc++";
				CLANG_ENABLE_MODULES = YES;
				CLANG_ENABLE_OBJC_ARC = YES;
				CLANG_WARN_BOOL_CONVERSION = YES;
				CLANG_WARN_CONSTANT_CONVERSION = YES;
				CLANG_WARN_DIRECT_OBJC_ISA_USAGE = YES_ERROR;
				CLANG_WARN_EMPTY_BODY = YES;
				CLANG_WARN_ENUM_CONVERSION = YES;
				CLANG_WARN_INT_CONVERSION = YES;
				CLANG_WARN_OBJC_ROOT_CLASS = YES_ERROR;
				CLANG_WARN_UNREACHABLE_CODE = YES;
				CLANG_WARN__DUPLICATE_METHOD_MATCH = YES;
				CODE_SIGN_IDENTITY = "-";
				COPY_PHASE_STRIP = NO;
				DEBUG_INFORMATION_FORMAT = "dwarf-with-dsym";
				ENABLE_NS_ASSERTIONS = NO;
				ENABLE_STRICT_OBJC_MSGSEND = YES;
				GCC_C_LANGUAGE_STANDARD = gnu99;
				GCC_NO_COMMON_BLOCKS = YES;
				GCC_WARN_64_TO_32_BIT_CONVERSION = YES;
				GCC_WARN_ABOUT_RETURN_TYPE = YES_ERROR;
				GCC_WARN_UNDECLARED_SELECTOR = YES;
				GCC_WARN_UNINITIALIZED_AUTOS = YES_AGGRESSIVE;
				GCC_WARN_UNUSED_FUNCTION = YES;
				GCC_WARN_UNUSED_VARIABLE = YES;
				MACOSX_DEPLOYMENT_TARGET = 10.10;
				MTL_ENABLE_DEBUG_INFO = NO;
				SDKROOT = macosx;
			};
			name = Release;
		};
		457F4FF51B5C36A0007645C4 /* Debug */ = {
			isa = XCBuildConfiguration;
			buildSettings = {
				ASSETCATALOG_COMPILER_APPICON_NAME = AppIcon;
				COMBINE_HIDPI_IMAGES = YES;
				INFOPLIST_FILE = SplitViewPrototype/Info.plist;
				LD_RUNPATH_SEARCH_PATHS = "$(inherited) @executable_path/../Frameworks";
				PRODUCT_NAME = "$(TARGET_NAME)";
			};
			name = Debug;
		};
		457F4FF61B5C36A0007645C4 /* Release */ = {
			isa = XCBuildConfiguration;
			buildSettings = {
				ASSETCATALOG_COMPILER_APPICON_NAME = AppIcon;
				COMBINE_HIDPI_IMAGES = YES;
				INFOPLIST_FILE = SplitViewPrototype/Info.plist;
				LD_RUNPATH_SEARCH_PATHS = "$(inherited) @executable_path/../Frameworks";
				PRODUCT_NAME = "$(TARGET_NAME)";
			};
			name = Release;
		};
		457F4FF81B5C36A0007645C4 /* Debug */ = {
			isa = XCBuildConfiguration;
			buildSettings = {
				BUNDLE_LOADER = "$(TEST_HOST)";
				COMBINE_HIDPI_IMAGES = YES;
				FRAMEWORK_SEARCH_PATHS = (
					"$(DEVELOPER_FRAMEWORKS_DIR)",
					"$(inherited)",
				);
				GCC_PREPROCESSOR_DEFINITIONS = (
					"DEBUG=1",
					"$(inherited)",
				);
				INFOPLIST_FILE = SplitViewPrototypeTests/Info.plist;
				LD_RUNPATH_SEARCH_PATHS = "$(inherited) @executable_path/../Frameworks @loader_path/../Frameworks";
				PRODUCT_NAME = "$(TARGET_NAME)";
				TEST_HOST = "$(BUILT_PRODUCTS_DIR)/SplitViewPrototype.app/Contents/MacOS/SplitViewPrototype";
			};
			name = Debug;
		};
		457F4FF91B5C36A0007645C4 /* Release */ = {
			isa = XCBuildConfiguration;
			buildSettings = {
				BUNDLE_LOADER = "$(TEST_HOST)";
				COMBINE_HIDPI_IMAGES = YES;
				FRAMEWORK_SEARCH_PATHS = (
					"$(DEVELOPER_FRAMEWORKS_DIR)",
					"$(inherited)",
				);
				INFOPLIST_FILE = SplitViewPrototypeTests/Info.plist;
				LD_RUNPATH_SEARCH_PATHS = "$(inherited) @executable_path/../Frameworks @loader_path/../Frameworks";
				PRODUCT_NAME = "$(TARGET_NAME)";
				TEST_HOST = "$(BUILT_PRODUCTS_DIR)/SplitViewPrototype.app/Contents/MacOS/SplitViewPrototype";
			};
			name = Release;
		};
/* End XCBuildConfiguration section */

/* Begin XCConfigurationList section */
		457F4FD31B5C36A0007645C4 /* Build configuration list for PBXProject "SplitViewPrototype" */ = {
			isa = XCConfigurationList;
			buildConfigurations = (
				457F4FF21B5C36A0007645C4 /* Debug */,
				457F4FF31B5C36A0007645C4 /* Release */,
			);
			defaultConfigurationIsVisible = 0;
			defaultConfigurationName = Release;
		};
		457F4FF41B5C36A0007645C4 /* Build configuration list for PBXNativeTarget "SplitViewPrototype" */ = {
			isa = XCConfigurationList;
			buildConfigurations = (
				457F4FF51B5C36A0007645C4 /* Debug */,
				457F4FF61B5C36A0007645C4 /* Release */,
			);
			defaultConfigurationIsVisible = 0;
			defaultConfigurationName = Release;
		};
		457F4FF71B5C36A0007645C4 /* Build configuration list for PBXNativeTarget "SplitViewPrototypeTests" */ = {
			isa = XCConfigurationList;
			buildConfigurations = (
				457F4FF81B5C36A0007645C4 /* Debug */,
				457F4FF91B5C36A0007645C4 /* Release */,
			);
			defaultConfigurationIsVisible = 0;
			defaultConfigurationName = Release;
		};
/* End XCConfigurationList section */
	};
	rootObject = 457F4FD01B5C36A0007645C4 /* Project object */;
}
